// !$*UTF8*$!
{
	archiveVersion = 1;
	classes = {
	};
	objectVersion = 46;
	objects = {

/* Begin PBXBuildFile section */
		7CA1E15E6511676B4268D543 /* libPods-CWOne.a in Frameworks */ = {isa = PBXBuildFile; fileRef = CAEBC5A8134C50C8A3A00FD6 /* libPods-CWOne.a */; };
		96469C48D61426A2834B3F99 /* libPods-CWOneTests.a in Frameworks */ = {isa = PBXBuildFile; fileRef = 0873E175AD65EDFFF9C13BF9 /* libPods-CWOneTests.a */; };
		A88E8621F07288D54C66EDE4 /* libPods-CWOneUITests.a in Frameworks */ = {isa = PBXBuildFile; fileRef = 178CB81C74BD020AFB33A200 /* libPods-CWOneUITests.a */; };
		B90C3A391F305FE0004E64D9 /* ONELaunchController.m in Sources */ = {isa = PBXBuildFile; fileRef = B90C3A371F305FE0004E64D9 /* ONELaunchController.m */; };
		B90C3A3A1F305FE0004E64D9 /* ONELaunchController.xib in Resources */ = {isa = PBXBuildFile; fileRef = B90C3A381F305FE0004E64D9 /* ONELaunchController.xib */; };
		B90C3A3E1F306B8F004E64D9 /* NSString+CWTranslate.m in Sources */ = {isa = PBXBuildFile; fileRef = B90C3A3D1F306B8E004E64D9 /* NSString+CWTranslate.m */; };
		B90C3A4D1F3072A9004E64D9 /* ONEMainTabBarController.m in Sources */ = {isa = PBXBuildFile; fileRef = B90C3A4C1F3072A9004E64D9 /* ONEMainTabBarController.m */; };
		B90C3A531F3079CA004E64D9 /* ONEAllController.m in Sources */ = {isa = PBXBuildFile; fileRef = B90C3A521F3079CA004E64D9 /* ONEAllController.m */; };
		B90C3A571F3079DA004E64D9 /* ONEMeController.m in Sources */ = {isa = PBXBuildFile; fileRef = B90C3A551F3079DA004E64D9 /* ONEMeController.m */; };
		B90C3A581F3079DA004E64D9 /* ONEMeController.xib in Resources */ = {isa = PBXBuildFile; fileRef = B90C3A561F3079DA004E64D9 /* ONEMeController.xib */; };
		B90C3A5B1F307DE8004E64D9 /* UIColor+CWQuickCreate.m in Sources */ = {isa = PBXBuildFile; fileRef = B90C3A5A1F307DE8004E64D9 /* UIColor+CWQuickCreate.m */; };
		B90C3A5E1F308059004E64D9 /* UIImage+CWColorAndStretch.m in Sources */ = {isa = PBXBuildFile; fileRef = B90C3A5D1F308059004E64D9 /* UIImage+CWColorAndStretch.m */; };
		B90C3A651F30831C004E64D9 /* ONEHomeNavigationController.m in Sources */ = {isa = PBXBuildFile; fileRef = B90C3A641F30831C004E64D9 /* ONEHomeNavigationController.m */; };
		B90C3A681F308A4F004E64D9 /* ONEHomeNavigationBarTitleView.m in Sources */ = {isa = PBXBuildFile; fileRef = B90C3A671F308A4F004E64D9 /* ONEHomeNavigationBarTitleView.m */; };
		B90C3A6A1F308A66004E64D9 /* ONEHomeNavigationBarTitleView.xib in Resources */ = {isa = PBXBuildFile; fileRef = B90C3A691F308A66004E64D9 /* ONEHomeNavigationBarTitleView.xib */; };
		B90C3A6D1F309500004E64D9 /* ONENetworkTool.m in Sources */ = {isa = PBXBuildFile; fileRef = B90C3A6C1F309500004E64D9 /* ONENetworkTool.m */; };
		B9321ECC1F3058CA0052752B /* Assets.xcassets in Resources */ = {isa = PBXBuildFile; fileRef = B9321ECB1F3058CA0052752B /* Assets.xcassets */; };
		B9321EDA1F3058CA0052752B /* CWOneTests.m in Sources */ = {isa = PBXBuildFile; fileRef = B9321ED91F3058CA0052752B /* CWOneTests.m */; };
		B9321EE51F3058CA0052752B /* CWOneUITests.m in Sources */ = {isa = PBXBuildFile; fileRef = B9321EE41F3058CA0052752B /* CWOneUITests.m */; };
		B9321EFE1F3059410052752B /* LaunchScreen.storyboard in Resources */ = {isa = PBXBuildFile; fileRef = B9321EF71F3059410052752B /* LaunchScreen.storyboard */; };
		B9321EFF1F3059410052752B /* Main.storyboard in Resources */ = {isa = PBXBuildFile; fileRef = B9321EF91F3059410052752B /* Main.storyboard */; };
		B9321F011F3059410052752B /* main.m in Sources */ = {isa = PBXBuildFile; fileRef = B9321EFC1F3059410052752B /* main.m */; };
		B9321F271F305AD70052752B /* AppDelegate.m in Sources */ = {isa = PBXBuildFile; fileRef = B9321F261F305AD70052752B /* AppDelegate.m */; };
		B9376A491F36113600B31349 /* CWCalendarLabel.m in Sources */ = {isa = PBXBuildFile; fileRef = B9376A481F36113600B31349 /* CWCalendarLabel.m */; };
		B93A7D6D1F347A6A00FF86E9 /* ONEDateTool.m in Sources */ = {isa = PBXBuildFile; fileRef = B93A7D6C1F347A6A00FF86E9 /* ONEDateTool.m */; };
		B93A7D701F347C8700FF86E9 /* NSString+ONEComponents.m in Sources */ = {isa = PBXBuildFile; fileRef = B93A7D6F1F347C8700FF86E9 /* NSString+ONEComponents.m */; };
		B973FC291F361ED400161989 /* ONEDetailViewController.m in Sources */ = {isa = PBXBuildFile; fileRef = B973FC281F361ED400161989 /* ONEDetailViewController.m */; };
		B973FC2C1F361EE700161989 /* ONEDetailTableViewController.m in Sources */ = {isa = PBXBuildFile; fileRef = B973FC2B1F361EE700161989 /* ONEDetailTableViewController.m */; };
		B973FC2F1F36FBAF00161989 /* UIImage+Render.m in Sources */ = {isa = PBXBuildFile; fileRef = B973FC2E1F36FBAF00161989 /* UIImage+Render.m */; };
		B973FC321F3703AC00161989 /* ONEDetailBottomToolView.m in Sources */ = {isa = PBXBuildFile; fileRef = B973FC311F3703AC00161989 /* ONEDetailBottomToolView.m */; };
		B973FC341F3703B600161989 /* ONEDetailBottomToolView.xib in Resources */ = {isa = PBXBuildFile; fileRef = B973FC331F3703B600161989 /* ONEDetailBottomToolView.xib */; };
		B9A73FF31F31B2E2009025FD /* UIView+CWFrame.m in Sources */ = {isa = PBXBuildFile; fileRef = B9A73FF21F31B2E2009025FD /* UIView+CWFrame.m */; };
		B9A73FF61F31C08A009025FD /* ONEHomeWeatherItem.m in Sources */ = {isa = PBXBuildFile; fileRef = B9A73FF51F31C08A009025FD /* ONEHomeWeatherItem.m */; };
		B9A73FF91F31CF57009025FD /* ONEConst.m in Sources */ = {isa = PBXBuildFile; fileRef = B9A73FF81F31CF57009025FD /* ONEConst.m */; };
		B9A740111F32EE4B009025FD /* ONERadioTool.m in Sources */ = {isa = PBXBuildFile; fileRef = B9A740101F32EE4B009025FD /* ONERadioTool.m */; };
		B9A740141F32EF19009025FD /* ONERadioItem.m in Sources */ = {isa = PBXBuildFile; fileRef = B9A740131F32EF19009025FD /* ONERadioItem.m */; };
		B9A7401A1F3334B7009025FD /* UILabel+CWLineSpacing.m in Sources */ = {isa = PBXBuildFile; fileRef = B9A740191F3334B7009025FD /* UILabel+CWLineSpacing.m */; };
		B9A7401D1F33496A009025FD /* CALayer+CWAnimation.m in Sources */ = {isa = PBXBuildFile; fileRef = B9A7401C1F33496A009025FD /* CALayer+CWAnimation.m */; };
		B9B822541F37399D002F6961 /* ONEEssayItem.m in Sources */ = {isa = PBXBuildFile; fileRef = B9B822531F37399D002F6961 /* ONEEssayItem.m */; };
		B9B822571F373E93002F6961 /* ONECommentItem.m in Sources */ = {isa = PBXBuildFile; fileRef = B9B822561F373E93002F6961 /* ONECommentItem.m */; };
		B9B828FC1F361A0F008BB163 /* ONEHomeTableViewController.m in Sources */ = {isa = PBXBuildFile; fileRef = B9B828D81F361A0F008BB163 /* ONEHomeTableViewController.m */; };
		B9B828FD1F361A0F008BB163 /* ONEHomeViewController.m in Sources */ = {isa = PBXBuildFile; fileRef = B9B828DA1F361A0F008BB163 /* ONEHomeViewController.m */; };
		B9B828FE1F361A0F008BB163 /* ONECatalogueItem.m in Sources */ = {isa = PBXBuildFile; fileRef = B9B828DD1F361A0F008BB163 /* ONECatalogueItem.m */; };
		B9B828FF1F361A0F008BB163 /* ONEHomeItem.m in Sources */ = {isa = PBXBuildFile; fileRef = B9B828DF1F361A0F008BB163 /* ONEHomeItem.m */; };
		B9B829001F361A0F008BB163 /* ONEHomeMenuItem.m in Sources */ = {isa = PBXBuildFile; fileRef = B9B828E11F361A0F008BB163 /* ONEHomeMenuItem.m */; };
		B9B829011F361A0F008BB163 /* ONEHomeViewModel.m in Sources */ = {isa = PBXBuildFile; fileRef = B9B828E31F361A0F008BB163 /* ONEHomeViewModel.m */; };
		B9B829021F361A0F008BB163 /* ONEUserItem.m in Sources */ = {isa = PBXBuildFile; fileRef = B9B828E51F361A0F008BB163 /* ONEUserItem.m */; };
		B9B829031F361A0F008BB163 /* ONEHomeBaseCell.m in Sources */ = {isa = PBXBuildFile; fileRef = B9B828E81F361A0F008BB163 /* ONEHomeBaseCell.m */; };
		B9B829041F361A0F008BB163 /* ONEHomeCatalogueCell.m in Sources */ = {isa = PBXBuildFile; fileRef = B9B828EA1F361A0F008BB163 /* ONEHomeCatalogueCell.m */; };
		B9B829051F361A0F008BB163 /* ONEHomeCatalogueCell.xib in Resources */ = {isa = PBXBuildFile; fileRef = B9B828EB1F361A0F008BB163 /* ONEHomeCatalogueCell.xib */; };
		B9B829061F361A0F008BB163 /* ONEHomeCatalogueView.m in Sources */ = {isa = PBXBuildFile; fileRef = B9B828ED1F361A0F008BB163 /* ONEHomeCatalogueView.m */; };
		B9B829071F361A0F008BB163 /* ONEHomeCell.m in Sources */ = {isa = PBXBuildFile; fileRef = B9B828EF1F361A0F008BB163 /* ONEHomeCell.m */; };
		B9B829081F361A0F008BB163 /* ONEHomeCell.xib in Resources */ = {isa = PBXBuildFile; fileRef = B9B828F01F361A0F008BB163 /* ONEHomeCell.xib */; };
		B9B829091F361A0F008BB163 /* ONEHomeHeadContentView.m in Sources */ = {isa = PBXBuildFile; fileRef = B9B828F21F361A0F008BB163 /* ONEHomeHeadContentView.m */; };
		B9B8290A1F361A0F008BB163 /* ONEHomeHeadContentView.xib in Resources */ = {isa = PBXBuildFile; fileRef = B9B828F31F361A0F008BB163 /* ONEHomeHeadContentView.xib */; };
		B9B8290B1F361A0F008BB163 /* ONEHomeHeaderView.m in Sources */ = {isa = PBXBuildFile; fileRef = B9B828F51F361A0F008BB163 /* ONEHomeHeaderView.m */; };
		B9B8290C1F361A0F008BB163 /* ONEHomeRadioCell.m in Sources */ = {isa = PBXBuildFile; fileRef = B9B828F71F361A0F008BB163 /* ONEHomeRadioCell.m */; };
		B9B8290D1F361A0F008BB163 /* ONEHomeRadioCell.xib in Resources */ = {isa = PBXBuildFile; fileRef = B9B828F81F361A0F008BB163 /* ONEHomeRadioCell.xib */; };
		B9B8290E1F361A0F008BB163 /* ONELikeView.m in Sources */ = {isa = PBXBuildFile; fileRef = B9B828FA1F361A0F008BB163 /* ONELikeView.m */; };
		B9B8290F1F361A0F008BB163 /* ONELikeView.xib in Resources */ = {isa = PBXBuildFile; fileRef = B9B828FB1F361A0F008BB163 /* ONELikeView.xib */; };
		B9D6BBFF1F35F339002CA8FC /* ONEHomeNavigationBarTitleTextView.m in Sources */ = {isa = PBXBuildFile; fileRef = B9D6BBFE1F35F339002CA8FC /* ONEHomeNavigationBarTitleTextView.m */; };
/* End PBXBuildFile section */

/* Begin PBXContainerItemProxy section */
		B9321ED61F3058CA0052752B /* PBXContainerItemProxy */ = {
			isa = PBXContainerItemProxy;
			containerPortal = B9321EB41F3058CA0052752B /* Project object */;
			proxyType = 1;
			remoteGlobalIDString = B9321EBB1F3058CA0052752B;
			remoteInfo = CWOne;
		};
		B9321EE11F3058CA0052752B /* PBXContainerItemProxy */ = {
			isa = PBXContainerItemProxy;
			containerPortal = B9321EB41F3058CA0052752B /* Project object */;
			proxyType = 1;
			remoteGlobalIDString = B9321EBB1F3058CA0052752B;
			remoteInfo = CWOne;
		};
/* End PBXContainerItemProxy section */

/* Begin PBXFileReference section */
		078DDCA7394F783113F4166F /* Pods-CWOne.debug.xcconfig */ = {isa = PBXFileReference; includeInIndex = 1; lastKnownFileType = text.xcconfig; name = "Pods-CWOne.debug.xcconfig"; path = "Pods/Target Support Files/Pods-CWOne/Pods-CWOne.debug.xcconfig"; sourceTree = "<group>"; };
		0873E175AD65EDFFF9C13BF9 /* libPods-CWOneTests.a */ = {isa = PBXFileReference; explicitFileType = archive.ar; includeInIndex = 0; path = "libPods-CWOneTests.a"; sourceTree = BUILT_PRODUCTS_DIR; };
		178CB81C74BD020AFB33A200 /* libPods-CWOneUITests.a */ = {isa = PBXFileReference; explicitFileType = archive.ar; includeInIndex = 0; path = "libPods-CWOneUITests.a"; sourceTree = BUILT_PRODUCTS_DIR; };
		5446C785477CA0C07E568670 /* Pods-CWOneUITests.debug.xcconfig */ = {isa = PBXFileReference; includeInIndex = 1; lastKnownFileType = text.xcconfig; name = "Pods-CWOneUITests.debug.xcconfig"; path = "Pods/Target Support Files/Pods-CWOneUITests/Pods-CWOneUITests.debug.xcconfig"; sourceTree = "<group>"; };
		6FDD682A7EC1D5E1AA02DB50 /* Pods-CWOneTests.debug.xcconfig */ = {isa = PBXFileReference; includeInIndex = 1; lastKnownFileType = text.xcconfig; name = "Pods-CWOneTests.debug.xcconfig"; path = "Pods/Target Support Files/Pods-CWOneTests/Pods-CWOneTests.debug.xcconfig"; sourceTree = "<group>"; };
		A8C8EA9F5DBA5D5DFE7A9B82 /* Pods-CWOneTests.release.xcconfig */ = {isa = PBXFileReference; includeInIndex = 1; lastKnownFileType = text.xcconfig; name = "Pods-CWOneTests.release.xcconfig"; path = "Pods/Target Support Files/Pods-CWOneTests/Pods-CWOneTests.release.xcconfig"; sourceTree = "<group>"; };
		B90C3A361F305FE0004E64D9 /* ONELaunchController.h */ = {isa = PBXFileReference; fileEncoding = 4; lastKnownFileType = sourcecode.c.h; path = ONELaunchController.h; sourceTree = "<group>"; };
		B90C3A371F305FE0004E64D9 /* ONELaunchController.m */ = {isa = PBXFileReference; fileEncoding = 4; lastKnownFileType = sourcecode.c.objc; path = ONELaunchController.m; sourceTree = "<group>"; };
		B90C3A381F305FE0004E64D9 /* ONELaunchController.xib */ = {isa = PBXFileReference; fileEncoding = 4; lastKnownFileType = file.xib; path = ONELaunchController.xib; sourceTree = "<group>"; };
		B90C3A3B1F306246004E64D9 /* CWOne_PrefixHeader.pch */ = {isa = PBXFileReference; fileEncoding = 4; lastKnownFileType = sourcecode.c.h; path = CWOne_PrefixHeader.pch; sourceTree = "<group>"; };
		B90C3A3C1F306B8E004E64D9 /* NSString+CWTranslate.h */ = {isa = PBXFileReference; fileEncoding = 4; lastKnownFileType = sourcecode.c.h; path = "NSString+CWTranslate.h"; sourceTree = "<group>"; };
		B90C3A3D1F306B8E004E64D9 /* NSString+CWTranslate.m */ = {isa = PBXFileReference; fileEncoding = 4; lastKnownFileType = sourcecode.c.objc; path = "NSString+CWTranslate.m"; sourceTree = "<group>"; };
		B90C3A4B1F3072A9004E64D9 /* ONEMainTabBarController.h */ = {isa = PBXFileReference; fileEncoding = 4; lastKnownFileType = sourcecode.c.h; path = ONEMainTabBarController.h; sourceTree = "<group>"; };
		B90C3A4C1F3072A9004E64D9 /* ONEMainTabBarController.m */ = {isa = PBXFileReference; fileEncoding = 4; lastKnownFileType = sourcecode.c.objc; path = ONEMainTabBarController.m; sourceTree = "<group>"; };
		B90C3A511F3079CA004E64D9 /* ONEAllController.h */ = {isa = PBXFileReference; fileEncoding = 4; lastKnownFileType = sourcecode.c.h; path = ONEAllController.h; sourceTree = "<group>"; };
		B90C3A521F3079CA004E64D9 /* ONEAllController.m */ = {isa = PBXFileReference; fileEncoding = 4; lastKnownFileType = sourcecode.c.objc; path = ONEAllController.m; sourceTree = "<group>"; };
		B90C3A541F3079DA004E64D9 /* ONEMeController.h */ = {isa = PBXFileReference; fileEncoding = 4; lastKnownFileType = sourcecode.c.h; path = ONEMeController.h; sourceTree = "<group>"; };
		B90C3A551F3079DA004E64D9 /* ONEMeController.m */ = {isa = PBXFileReference; fileEncoding = 4; lastKnownFileType = sourcecode.c.objc; path = ONEMeController.m; sourceTree = "<group>"; };
		B90C3A561F3079DA004E64D9 /* ONEMeController.xib */ = {isa = PBXFileReference; fileEncoding = 4; lastKnownFileType = file.xib; path = ONEMeController.xib; sourceTree = "<group>"; };
		B90C3A591F307DE8004E64D9 /* UIColor+CWQuickCreate.h */ = {isa = PBXFileReference; fileEncoding = 4; lastKnownFileType = sourcecode.c.h; path = "UIColor+CWQuickCreate.h"; sourceTree = "<group>"; };
		B90C3A5A1F307DE8004E64D9 /* UIColor+CWQuickCreate.m */ = {isa = PBXFileReference; fileEncoding = 4; lastKnownFileType = sourcecode.c.objc; path = "UIColor+CWQuickCreate.m"; sourceTree = "<group>"; };
		B90C3A5C1F308059004E64D9 /* UIImage+CWColorAndStretch.h */ = {isa = PBXFileReference; fileEncoding = 4; lastKnownFileType = sourcecode.c.h; path = "UIImage+CWColorAndStretch.h"; sourceTree = "<group>"; };
		B90C3A5D1F308059004E64D9 /* UIImage+CWColorAndStretch.m */ = {isa = PBXFileReference; fileEncoding = 4; lastKnownFileType = sourcecode.c.objc; path = "UIImage+CWColorAndStretch.m"; sourceTree = "<group>"; };
		B90C3A631F30831C004E64D9 /* ONEHomeNavigationController.h */ = {isa = PBXFileReference; fileEncoding = 4; lastKnownFileType = sourcecode.c.h; path = ONEHomeNavigationController.h; sourceTree = "<group>"; };
		B90C3A641F30831C004E64D9 /* ONEHomeNavigationController.m */ = {isa = PBXFileReference; fileEncoding = 4; lastKnownFileType = sourcecode.c.objc; path = ONEHomeNavigationController.m; sourceTree = "<group>"; };
		B90C3A661F308A4F004E64D9 /* ONEHomeNavigationBarTitleView.h */ = {isa = PBXFileReference; fileEncoding = 4; lastKnownFileType = sourcecode.c.h; path = ONEHomeNavigationBarTitleView.h; sourceTree = "<group>"; };
		B90C3A671F308A4F004E64D9 /* ONEHomeNavigationBarTitleView.m */ = {isa = PBXFileReference; fileEncoding = 4; lastKnownFileType = sourcecode.c.objc; path = ONEHomeNavigationBarTitleView.m; sourceTree = "<group>"; };
		B90C3A691F308A66004E64D9 /* ONEHomeNavigationBarTitleView.xib */ = {isa = PBXFileReference; fileEncoding = 4; lastKnownFileType = file.xib; path = ONEHomeNavigationBarTitleView.xib; sourceTree = "<group>"; };
		B90C3A6B1F309500004E64D9 /* ONENetworkTool.h */ = {isa = PBXFileReference; fileEncoding = 4; lastKnownFileType = sourcecode.c.h; path = ONENetworkTool.h; sourceTree = "<group>"; };
		B90C3A6C1F309500004E64D9 /* ONENetworkTool.m */ = {isa = PBXFileReference; fileEncoding = 4; lastKnownFileType = sourcecode.c.objc; path = ONENetworkTool.m; sourceTree = "<group>"; };
		B9321EBC1F3058CA0052752B /* CWOne.app */ = {isa = PBXFileReference; explicitFileType = wrapper.application; includeInIndex = 0; path = CWOne.app; sourceTree = BUILT_PRODUCTS_DIR; };
		B9321ECB1F3058CA0052752B /* Assets.xcassets */ = {isa = PBXFileReference; lastKnownFileType = folder.assetcatalog; path = Assets.xcassets; sourceTree = "<group>"; };
		B9321ED51F3058CA0052752B /* CWOneTests.xctest */ = {isa = PBXFileReference; explicitFileType = wrapper.cfbundle; includeInIndex = 0; path = CWOneTests.xctest; sourceTree = BUILT_PRODUCTS_DIR; };
		B9321ED91F3058CA0052752B /* CWOneTests.m */ = {isa = PBXFileReference; lastKnownFileType = sourcecode.c.objc; path = CWOneTests.m; sourceTree = "<group>"; };
		B9321EDB1F3058CA0052752B /* Info.plist */ = {isa = PBXFileReference; lastKnownFileType = text.plist.xml; path = Info.plist; sourceTree = "<group>"; };
		B9321EE01F3058CA0052752B /* CWOneUITests.xctest */ = {isa = PBXFileReference; explicitFileType = wrapper.cfbundle; includeInIndex = 0; path = CWOneUITests.xctest; sourceTree = BUILT_PRODUCTS_DIR; };
		B9321EE41F3058CA0052752B /* CWOneUITests.m */ = {isa = PBXFileReference; lastKnownFileType = sourcecode.c.objc; path = CWOneUITests.m; sourceTree = "<group>"; };
		B9321EE61F3058CA0052752B /* Info.plist */ = {isa = PBXFileReference; lastKnownFileType = text.plist.xml; path = Info.plist; sourceTree = "<group>"; };
		B9321EF81F3059410052752B /* Base */ = {isa = PBXFileReference; lastKnownFileType = file.storyboard; name = Base; path = Base.lproj/LaunchScreen.storyboard; sourceTree = "<group>"; };
		B9321EFA1F3059410052752B /* Base */ = {isa = PBXFileReference; lastKnownFileType = file.storyboard; name = Base; path = Base.lproj/Main.storyboard; sourceTree = "<group>"; };
		B9321EFB1F3059410052752B /* Info.plist */ = {isa = PBXFileReference; fileEncoding = 4; lastKnownFileType = text.plist.xml; path = Info.plist; sourceTree = "<group>"; };
		B9321EFC1F3059410052752B /* main.m */ = {isa = PBXFileReference; fileEncoding = 4; lastKnownFileType = sourcecode.c.objc; path = main.m; sourceTree = "<group>"; };
		B9321F251F305AD70052752B /* AppDelegate.h */ = {isa = PBXFileReference; fileEncoding = 4; lastKnownFileType = sourcecode.c.h; path = AppDelegate.h; sourceTree = "<group>"; };
		B9321F261F305AD70052752B /* AppDelegate.m */ = {isa = PBXFileReference; fileEncoding = 4; lastKnownFileType = sourcecode.c.objc; path = AppDelegate.m; sourceTree = "<group>"; };
		B9376A471F36113600B31349 /* CWCalendarLabel.h */ = {isa = PBXFileReference; fileEncoding = 4; lastKnownFileType = sourcecode.c.h; path = CWCalendarLabel.h; sourceTree = "<group>"; };
		B9376A481F36113600B31349 /* CWCalendarLabel.m */ = {isa = PBXFileReference; fileEncoding = 4; lastKnownFileType = sourcecode.c.objc; path = CWCalendarLabel.m; sourceTree = "<group>"; };
		B93A7D6B1F347A6A00FF86E9 /* ONEDateTool.h */ = {isa = PBXFileReference; fileEncoding = 4; lastKnownFileType = sourcecode.c.h; path = ONEDateTool.h; sourceTree = "<group>"; };
		B93A7D6C1F347A6A00FF86E9 /* ONEDateTool.m */ = {isa = PBXFileReference; fileEncoding = 4; lastKnownFileType = sourcecode.c.objc; path = ONEDateTool.m; sourceTree = "<group>"; };
		B93A7D6E1F347C8700FF86E9 /* NSString+ONEComponents.h */ = {isa = PBXFileReference; fileEncoding = 4; lastKnownFileType = sourcecode.c.h; path = "NSString+ONEComponents.h"; sourceTree = "<group>"; };
		B93A7D6F1F347C8700FF86E9 /* NSString+ONEComponents.m */ = {isa = PBXFileReference; fileEncoding = 4; lastKnownFileType = sourcecode.c.objc; path = "NSString+ONEComponents.m"; sourceTree = "<group>"; };
		B973FC271F361ED400161989 /* ONEDetailViewController.h */ = {isa = PBXFileReference; fileEncoding = 4; lastKnownFileType = sourcecode.c.h; path = ONEDetailViewController.h; sourceTree = "<group>"; };
		B973FC281F361ED400161989 /* ONEDetailViewController.m */ = {isa = PBXFileReference; fileEncoding = 4; lastKnownFileType = sourcecode.c.objc; path = ONEDetailViewController.m; sourceTree = "<group>"; };
		B973FC2A1F361EE700161989 /* ONEDetailTableViewController.h */ = {isa = PBXFileReference; fileEncoding = 4; lastKnownFileType = sourcecode.c.h; path = ONEDetailTableViewController.h; sourceTree = "<group>"; };
		B973FC2B1F361EE700161989 /* ONEDetailTableViewController.m */ = {isa = PBXFileReference; fileEncoding = 4; lastKnownFileType = sourcecode.c.objc; path = ONEDetailTableViewController.m; sourceTree = "<group>"; };
		B973FC2D1F36FBAF00161989 /* UIImage+Render.h */ = {isa = PBXFileReference; fileEncoding = 4; lastKnownFileType = sourcecode.c.h; path = "UIImage+Render.h"; sourceTree = "<group>"; };
		B973FC2E1F36FBAF00161989 /* UIImage+Render.m */ = {isa = PBXFileReference; fileEncoding = 4; lastKnownFileType = sourcecode.c.objc; path = "UIImage+Render.m"; sourceTree = "<group>"; };
		B973FC301F3703AC00161989 /* ONEDetailBottomToolView.h */ = {isa = PBXFileReference; fileEncoding = 4; lastKnownFileType = sourcecode.c.h; path = ONEDetailBottomToolView.h; sourceTree = "<group>"; };
		B973FC311F3703AC00161989 /* ONEDetailBottomToolView.m */ = {isa = PBXFileReference; fileEncoding = 4; lastKnownFileType = sourcecode.c.objc; path = ONEDetailBottomToolView.m; sourceTree = "<group>"; };
		B973FC331F3703B600161989 /* ONEDetailBottomToolView.xib */ = {isa = PBXFileReference; fileEncoding = 4; lastKnownFileType = file.xib; path = ONEDetailBottomToolView.xib; sourceTree = "<group>"; };
		B9A73FF11F31B2E2009025FD /* UIView+CWFrame.h */ = {isa = PBXFileReference; fileEncoding = 4; lastKnownFileType = sourcecode.c.h; path = "UIView+CWFrame.h"; sourceTree = "<group>"; };
		B9A73FF21F31B2E2009025FD /* UIView+CWFrame.m */ = {isa = PBXFileReference; fileEncoding = 4; lastKnownFileType = sourcecode.c.objc; path = "UIView+CWFrame.m"; sourceTree = "<group>"; };
		B9A73FF41F31C08A009025FD /* ONEHomeWeatherItem.h */ = {isa = PBXFileReference; fileEncoding = 4; lastKnownFileType = sourcecode.c.h; path = ONEHomeWeatherItem.h; sourceTree = "<group>"; };
		B9A73FF51F31C08A009025FD /* ONEHomeWeatherItem.m */ = {isa = PBXFileReference; fileEncoding = 4; lastKnownFileType = sourcecode.c.objc; path = ONEHomeWeatherItem.m; sourceTree = "<group>"; };
		B9A73FF71F31CF57009025FD /* ONEConst.h */ = {isa = PBXFileReference; fileEncoding = 4; lastKnownFileType = sourcecode.c.h; path = ONEConst.h; sourceTree = "<group>"; };
		B9A73FF81F31CF57009025FD /* ONEConst.m */ = {isa = PBXFileReference; fileEncoding = 4; lastKnownFileType = sourcecode.c.objc; path = ONEConst.m; sourceTree = "<group>"; };
		B9A7400F1F32EE4B009025FD /* ONERadioTool.h */ = {isa = PBXFileReference; fileEncoding = 4; lastKnownFileType = sourcecode.c.h; path = ONERadioTool.h; sourceTree = "<group>"; };
		B9A740101F32EE4B009025FD /* ONERadioTool.m */ = {isa = PBXFileReference; fileEncoding = 4; lastKnownFileType = sourcecode.c.objc; path = ONERadioTool.m; sourceTree = "<group>"; };
		B9A740121F32EF19009025FD /* ONERadioItem.h */ = {isa = PBXFileReference; fileEncoding = 4; lastKnownFileType = sourcecode.c.h; path = ONERadioItem.h; sourceTree = "<group>"; };
		B9A740131F32EF19009025FD /* ONERadioItem.m */ = {isa = PBXFileReference; fileEncoding = 4; lastKnownFileType = sourcecode.c.objc; path = ONERadioItem.m; sourceTree = "<group>"; };
		B9A740181F3334B7009025FD /* UILabel+CWLineSpacing.h */ = {isa = PBXFileReference; fileEncoding = 4; lastKnownFileType = sourcecode.c.h; path = "UILabel+CWLineSpacing.h"; sourceTree = "<group>"; };
		B9A740191F3334B7009025FD /* UILabel+CWLineSpacing.m */ = {isa = PBXFileReference; fileEncoding = 4; lastKnownFileType = sourcecode.c.objc; path = "UILabel+CWLineSpacing.m"; sourceTree = "<group>"; };
		B9A7401B1F33496A009025FD /* CALayer+CWAnimation.h */ = {isa = PBXFileReference; fileEncoding = 4; lastKnownFileType = sourcecode.c.h; path = "CALayer+CWAnimation.h"; sourceTree = "<group>"; };
		B9A7401C1F33496A009025FD /* CALayer+CWAnimation.m */ = {isa = PBXFileReference; fileEncoding = 4; lastKnownFileType = sourcecode.c.objc; path = "CALayer+CWAnimation.m"; sourceTree = "<group>"; };
		B9B822521F37399D002F6961 /* ONEEssayItem.h */ = {isa = PBXFileReference; fileEncoding = 4; lastKnownFileType = sourcecode.c.h; path = ONEEssayItem.h; sourceTree = "<group>"; };
		B9B822531F37399D002F6961 /* ONEEssayItem.m */ = {isa = PBXFileReference; fileEncoding = 4; lastKnownFileType = sourcecode.c.objc; path = ONEEssayItem.m; sourceTree = "<group>"; };
		B9B822551F373E93002F6961 /* ONECommentItem.h */ = {isa = PBXFileReference; fileEncoding = 4; lastKnownFileType = sourcecode.c.h; path = ONECommentItem.h; sourceTree = "<group>"; };
		B9B822561F373E93002F6961 /* ONECommentItem.m */ = {isa = PBXFileReference; fileEncoding = 4; lastKnownFileType = sourcecode.c.objc; path = ONECommentItem.m; sourceTree = "<group>"; };
		B9B828D71F361A0F008BB163 /* ONEHomeTableViewController.h */ = {isa = PBXFileReference; fileEncoding = 4; lastKnownFileType = sourcecode.c.h; path = ONEHomeTableViewController.h; sourceTree = "<group>"; };
		B9B828D81F361A0F008BB163 /* ONEHomeTableViewController.m */ = {isa = PBXFileReference; fileEncoding = 4; lastKnownFileType = sourcecode.c.objc; path = ONEHomeTableViewController.m; sourceTree = "<group>"; };
		B9B828D91F361A0F008BB163 /* ONEHomeViewController.h */ = {isa = PBXFileReference; fileEncoding = 4; lastKnownFileType = sourcecode.c.h; path = ONEHomeViewController.h; sourceTree = "<group>"; };
		B9B828DA1F361A0F008BB163 /* ONEHomeViewController.m */ = {isa = PBXFileReference; fileEncoding = 4; lastKnownFileType = sourcecode.c.objc; path = ONEHomeViewController.m; sourceTree = "<group>"; };
		B9B828DC1F361A0F008BB163 /* ONECatalogueItem.h */ = {isa = PBXFileReference; fileEncoding = 4; lastKnownFileType = sourcecode.c.h; path = ONECatalogueItem.h; sourceTree = "<group>"; };
		B9B828DD1F361A0F008BB163 /* ONECatalogueItem.m */ = {isa = PBXFileReference; fileEncoding = 4; lastKnownFileType = sourcecode.c.objc; path = ONECatalogueItem.m; sourceTree = "<group>"; };
		B9B828DE1F361A0F008BB163 /* ONEHomeItem.h */ = {isa = PBXFileReference; fileEncoding = 4; lastKnownFileType = sourcecode.c.h; path = ONEHomeItem.h; sourceTree = "<group>"; };
		B9B828DF1F361A0F008BB163 /* ONEHomeItem.m */ = {isa = PBXFileReference; fileEncoding = 4; lastKnownFileType = sourcecode.c.objc; path = ONEHomeItem.m; sourceTree = "<group>"; };
		B9B828E01F361A0F008BB163 /* ONEHomeMenuItem.h */ = {isa = PBXFileReference; fileEncoding = 4; lastKnownFileType = sourcecode.c.h; path = ONEHomeMenuItem.h; sourceTree = "<group>"; };
		B9B828E11F361A0F008BB163 /* ONEHomeMenuItem.m */ = {isa = PBXFileReference; fileEncoding = 4; lastKnownFileType = sourcecode.c.objc; path = ONEHomeMenuItem.m; sourceTree = "<group>"; };
		B9B828E21F361A0F008BB163 /* ONEHomeViewModel.h */ = {isa = PBXFileReference; fileEncoding = 4; lastKnownFileType = sourcecode.c.h; path = ONEHomeViewModel.h; sourceTree = "<group>"; };
		B9B828E31F361A0F008BB163 /* ONEHomeViewModel.m */ = {isa = PBXFileReference; fileEncoding = 4; lastKnownFileType = sourcecode.c.objc; path = ONEHomeViewModel.m; sourceTree = "<group>"; };
		B9B828E41F361A0F008BB163 /* ONEUserItem.h */ = {isa = PBXFileReference; fileEncoding = 4; lastKnownFileType = sourcecode.c.h; path = ONEUserItem.h; sourceTree = "<group>"; };
		B9B828E51F361A0F008BB163 /* ONEUserItem.m */ = {isa = PBXFileReference; fileEncoding = 4; lastKnownFileType = sourcecode.c.objc; path = ONEUserItem.m; sourceTree = "<group>"; };
		B9B828E71F361A0F008BB163 /* ONEHomeBaseCell.h */ = {isa = PBXFileReference; fileEncoding = 4; lastKnownFileType = sourcecode.c.h; path = ONEHomeBaseCell.h; sourceTree = "<group>"; };
		B9B828E81F361A0F008BB163 /* ONEHomeBaseCell.m */ = {isa = PBXFileReference; fileEncoding = 4; lastKnownFileType = sourcecode.c.objc; path = ONEHomeBaseCell.m; sourceTree = "<group>"; };
		B9B828E91F361A0F008BB163 /* ONEHomeCatalogueCell.h */ = {isa = PBXFileReference; fileEncoding = 4; lastKnownFileType = sourcecode.c.h; path = ONEHomeCatalogueCell.h; sourceTree = "<group>"; };
		B9B828EA1F361A0F008BB163 /* ONEHomeCatalogueCell.m */ = {isa = PBXFileReference; fileEncoding = 4; lastKnownFileType = sourcecode.c.objc; path = ONEHomeCatalogueCell.m; sourceTree = "<group>"; };
		B9B828EB1F361A0F008BB163 /* ONEHomeCatalogueCell.xib */ = {isa = PBXFileReference; fileEncoding = 4; lastKnownFileType = file.xib; path = ONEHomeCatalogueCell.xib; sourceTree = "<group>"; };
		B9B828EC1F361A0F008BB163 /* ONEHomeCatalogueView.h */ = {isa = PBXFileReference; fileEncoding = 4; lastKnownFileType = sourcecode.c.h; path = ONEHomeCatalogueView.h; sourceTree = "<group>"; };
		B9B828ED1F361A0F008BB163 /* ONEHomeCatalogueView.m */ = {isa = PBXFileReference; fileEncoding = 4; lastKnownFileType = sourcecode.c.objc; path = ONEHomeCatalogueView.m; sourceTree = "<group>"; };
		B9B828EE1F361A0F008BB163 /* ONEHomeCell.h */ = {isa = PBXFileReference; fileEncoding = 4; lastKnownFileType = sourcecode.c.h; path = ONEHomeCell.h; sourceTree = "<group>"; };
		B9B828EF1F361A0F008BB163 /* ONEHomeCell.m */ = {isa = PBXFileReference; fileEncoding = 4; lastKnownFileType = sourcecode.c.objc; path = ONEHomeCell.m; sourceTree = "<group>"; };
		B9B828F01F361A0F008BB163 /* ONEHomeCell.xib */ = {isa = PBXFileReference; fileEncoding = 4; lastKnownFileType = file.xib; path = ONEHomeCell.xib; sourceTree = "<group>"; };
		B9B828F11F361A0F008BB163 /* ONEHomeHeadContentView.h */ = {isa = PBXFileReference; fileEncoding = 4; lastKnownFileType = sourcecode.c.h; path = ONEHomeHeadContentView.h; sourceTree = "<group>"; };
		B9B828F21F361A0F008BB163 /* ONEHomeHeadContentView.m */ = {isa = PBXFileReference; fileEncoding = 4; lastKnownFileType = sourcecode.c.objc; path = ONEHomeHeadContentView.m; sourceTree = "<group>"; };
		B9B828F31F361A0F008BB163 /* ONEHomeHeadContentView.xib */ = {isa = PBXFileReference; fileEncoding = 4; lastKnownFileType = file.xib; path = ONEHomeHeadContentView.xib; sourceTree = "<group>"; };
		B9B828F41F361A0F008BB163 /* ONEHomeHeaderView.h */ = {isa = PBXFileReference; fileEncoding = 4; lastKnownFileType = sourcecode.c.h; path = ONEHomeHeaderView.h; sourceTree = "<group>"; };
		B9B828F51F361A0F008BB163 /* ONEHomeHeaderView.m */ = {isa = PBXFileReference; fileEncoding = 4; lastKnownFileType = sourcecode.c.objc; path = ONEHomeHeaderView.m; sourceTree = "<group>"; };
		B9B828F61F361A0F008BB163 /* ONEHomeRadioCell.h */ = {isa = PBXFileReference; fileEncoding = 4; lastKnownFileType = sourcecode.c.h; path = ONEHomeRadioCell.h; sourceTree = "<group>"; };
		B9B828F71F361A0F008BB163 /* ONEHomeRadioCell.m */ = {isa = PBXFileReference; fileEncoding = 4; lastKnownFileType = sourcecode.c.objc; path = ONEHomeRadioCell.m; sourceTree = "<group>"; };
		B9B828F81F361A0F008BB163 /* ONEHomeRadioCell.xib */ = {isa = PBXFileReference; fileEncoding = 4; lastKnownFileType = file.xib; path = ONEHomeRadioCell.xib; sourceTree = "<group>"; };
		B9B828F91F361A0F008BB163 /* ONELikeView.h */ = {isa = PBXFileReference; fileEncoding = 4; lastKnownFileType = sourcecode.c.h; path = ONELikeView.h; sourceTree = "<group>"; };
		B9B828FA1F361A0F008BB163 /* ONELikeView.m */ = {isa = PBXFileReference; fileEncoding = 4; lastKnownFileType = sourcecode.c.objc; path = ONELikeView.m; sourceTree = "<group>"; };
		B9B828FB1F361A0F008BB163 /* ONELikeView.xib */ = {isa = PBXFileReference; fileEncoding = 4; lastKnownFileType = file.xib; path = ONELikeView.xib; sourceTree = "<group>"; };
		B9D6BBFD1F35F339002CA8FC /* ONEHomeNavigationBarTitleTextView.h */ = {isa = PBXFileReference; fileEncoding = 4; lastKnownFileType = sourcecode.c.h; path = ONEHomeNavigationBarTitleTextView.h; sourceTree = "<group>"; };
		B9D6BBFE1F35F339002CA8FC /* ONEHomeNavigationBarTitleTextView.m */ = {isa = PBXFileReference; fileEncoding = 4; lastKnownFileType = sourcecode.c.objc; path = ONEHomeNavigationBarTitleTextView.m; sourceTree = "<group>"; };
		C4965758B0138E3C82A59C69 /* Pods-CWOne.release.xcconfig */ = {isa = PBXFileReference; includeInIndex = 1; lastKnownFileType = text.xcconfig; name = "Pods-CWOne.release.xcconfig"; path = "Pods/Target Support Files/Pods-CWOne/Pods-CWOne.release.xcconfig"; sourceTree = "<group>"; };
		CAEBC5A8134C50C8A3A00FD6 /* libPods-CWOne.a */ = {isa = PBXFileReference; explicitFileType = archive.ar; includeInIndex = 0; path = "libPods-CWOne.a"; sourceTree = BUILT_PRODUCTS_DIR; };
		CB1E6FA838C64A1EDF3F4C57 /* Pods-CWOneUITests.release.xcconfig */ = {isa = PBXFileReference; includeInIndex = 1; lastKnownFileType = text.xcconfig; name = "Pods-CWOneUITests.release.xcconfig"; path = "Pods/Target Support Files/Pods-CWOneUITests/Pods-CWOneUITests.release.xcconfig"; sourceTree = "<group>"; };
/* End PBXFileReference section */

/* Begin PBXFrameworksBuildPhase section */
		B9321EB91F3058CA0052752B /* Frameworks */ = {
			isa = PBXFrameworksBuildPhase;
			buildActionMask = 2147483647;
			files = (
				7CA1E15E6511676B4268D543 /* libPods-CWOne.a in Frameworks */,
			);
			runOnlyForDeploymentPostprocessing = 0;
		};
		B9321ED21F3058CA0052752B /* Frameworks */ = {
			isa = PBXFrameworksBuildPhase;
			buildActionMask = 2147483647;
			files = (
				96469C48D61426A2834B3F99 /* libPods-CWOneTests.a in Frameworks */,
			);
			runOnlyForDeploymentPostprocessing = 0;
		};
		B9321EDD1F3058CA0052752B /* Frameworks */ = {
			isa = PBXFrameworksBuildPhase;
			buildActionMask = 2147483647;
			files = (
				A88E8621F07288D54C66EDE4 /* libPods-CWOneUITests.a in Frameworks */,
			);
			runOnlyForDeploymentPostprocessing = 0;
		};
/* End PBXFrameworksBuildPhase section */

/* Begin PBXGroup section */
		4624EEE2A2DE04121A38E099 /* Frameworks */ = {
			isa = PBXGroup;
			children = (
				CAEBC5A8134C50C8A3A00FD6 /* libPods-CWOne.a */,
				0873E175AD65EDFFF9C13BF9 /* libPods-CWOneTests.a */,
				178CB81C74BD020AFB33A200 /* libPods-CWOneUITests.a */,
			);
			name = Frameworks;
			sourceTree = "<group>";
		};
		B90C3A311F305FA8004E64D9 /* Main */ = {
			isa = PBXGroup;
			children = (
				B90C3A5F1F3082E7004E64D9 /* Navigation */,
				B90C3A321F305FA8004E64D9 /* Launch */,
				B90C3A471F307281004E64D9 /* TabBar */,
			);
			path = Main;
			sourceTree = "<group>";
		};
		B90C3A321F305FA8004E64D9 /* Launch */ = {
			isa = PBXGroup;
			children = (
				B90C3A331F305FA8004E64D9 /* C */,
				B90C3A341F305FA8004E64D9 /* M */,
				B90C3A351F305FA8004E64D9 /* V */,
			);
			path = Launch;
			sourceTree = "<group>";
		};
		B90C3A331F305FA8004E64D9 /* C */ = {
			isa = PBXGroup;
			children = (
				B90C3A361F305FE0004E64D9 /* ONELaunchController.h */,
				B90C3A371F305FE0004E64D9 /* ONELaunchController.m */,
				B90C3A381F305FE0004E64D9 /* ONELaunchController.xib */,
			);
			path = C;
			sourceTree = "<group>";
		};
		B90C3A341F305FA8004E64D9 /* M */ = {
			isa = PBXGroup;
			children = (
			);
			path = M;
			sourceTree = "<group>";
		};
		B90C3A351F305FA8004E64D9 /* V */ = {
			isa = PBXGroup;
			children = (
			);
			path = V;
			sourceTree = "<group>";
		};
		B90C3A471F307281004E64D9 /* TabBar */ = {
			isa = PBXGroup;
			children = (
				B90C3A481F307281004E64D9 /* C */,
				B90C3A491F307281004E64D9 /* M */,
				B90C3A4A1F307281004E64D9 /* V */,
			);
			path = TabBar;
			sourceTree = "<group>";
		};
		B90C3A481F307281004E64D9 /* C */ = {
			isa = PBXGroup;
			children = (
				B90C3A4B1F3072A9004E64D9 /* ONEMainTabBarController.h */,
				B90C3A4C1F3072A9004E64D9 /* ONEMainTabBarController.m */,
			);
			path = C;
			sourceTree = "<group>";
		};
		B90C3A491F307281004E64D9 /* M */ = {
			isa = PBXGroup;
			children = (
			);
			path = M;
			sourceTree = "<group>";
		};
		B90C3A4A1F307281004E64D9 /* V */ = {
			isa = PBXGroup;
			children = (
			);
			path = V;
			sourceTree = "<group>";
		};
		B90C3A5F1F3082E7004E64D9 /* Navigation */ = {
			isa = PBXGroup;
			children = (
				B90C3A601F3082F9004E64D9 /* C */,
				B90C3A611F3082F9004E64D9 /* M */,
				B90C3A621F3082F9004E64D9 /* V */,
			);
			path = Navigation;
			sourceTree = "<group>";
		};
		B90C3A601F3082F9004E64D9 /* C */ = {
			isa = PBXGroup;
			children = (
				B90C3A631F30831C004E64D9 /* ONEHomeNavigationController.h */,
				B90C3A641F30831C004E64D9 /* ONEHomeNavigationController.m */,
			);
			path = C;
			sourceTree = "<group>";
		};
		B90C3A611F3082F9004E64D9 /* M */ = {
			isa = PBXGroup;
			children = (
				B9A73FF41F31C08A009025FD /* ONEHomeWeatherItem.h */,
				B9A73FF51F31C08A009025FD /* ONEHomeWeatherItem.m */,
			);
			path = M;
			sourceTree = "<group>";
		};
		B90C3A621F3082F9004E64D9 /* V */ = {
			isa = PBXGroup;
			children = (
				B90C3A661F308A4F004E64D9 /* ONEHomeNavigationBarTitleView.h */,
				B90C3A671F308A4F004E64D9 /* ONEHomeNavigationBarTitleView.m */,
				B90C3A691F308A66004E64D9 /* ONEHomeNavigationBarTitleView.xib */,
				B9D6BBFD1F35F339002CA8FC /* ONEHomeNavigationBarTitleTextView.h */,
				B9D6BBFE1F35F339002CA8FC /* ONEHomeNavigationBarTitleTextView.m */,
			);
			path = V;
			sourceTree = "<group>";
		};
		B9321EB31F3058CA0052752B = {
			isa = PBXGroup;
			children = (
				B9321EBE1F3058CA0052752B /* CWOne */,
				B9321ED81F3058CA0052752B /* CWOneTests */,
				B9321EE31F3058CA0052752B /* CWOneUITests */,
				B9321EBD1F3058CA0052752B /* Products */,
				F7AD2679919B3393C7018D5A /* Pods */,
				4624EEE2A2DE04121A38E099 /* Frameworks */,
			);
			sourceTree = "<group>";
		};
		B9321EBD1F3058CA0052752B /* Products */ = {
			isa = PBXGroup;
			children = (
				B9321EBC1F3058CA0052752B /* CWOne.app */,
				B9321ED51F3058CA0052752B /* CWOneTests.xctest */,
				B9321EE01F3058CA0052752B /* CWOneUITests.xctest */,
			);
			name = Products;
			sourceTree = "<group>";
		};
		B9321EBE1F3058CA0052752B /* CWOne */ = {
			isa = PBXGroup;
			children = (
				B9321EF21F3059410052752B /* Classes */,
				B9321EF61F3059410052752B /* SupportFiles */,
				B9321ECB1F3058CA0052752B /* Assets.xcassets */,
			);
			path = CWOne;
			sourceTree = "<group>";
		};
		B9321ED81F3058CA0052752B /* CWOneTests */ = {
			isa = PBXGroup;
			children = (
				B9321ED91F3058CA0052752B /* CWOneTests.m */,
				B9321EDB1F3058CA0052752B /* Info.plist */,
			);
			path = CWOneTests;
			sourceTree = "<group>";
		};
		B9321EE31F3058CA0052752B /* CWOneUITests */ = {
			isa = PBXGroup;
			children = (
				B9321EE41F3058CA0052752B /* CWOneUITests.m */,
				B9321EE61F3058CA0052752B /* Info.plist */,
			);
			path = CWOneUITests;
			sourceTree = "<group>";
		};
		B9321EF21F3059410052752B /* Classes */ = {
			isa = PBXGroup;
			children = (
				B90C3A311F305FA8004E64D9 /* Main */,
				B9321F1B1F305AD70052752B /* ONE */,
				B9321F0F1F305AD70052752B /* ALL */,
				B9321F171F305AD70052752B /* ME */,
				B9321F1F1F305AD70052752B /* Other */,
				B9321F241F305AD70052752B /* System */,
			);
			path = Classes;
			sourceTree = "<group>";
		};
		B9321EF61F3059410052752B /* SupportFiles */ = {
			isa = PBXGroup;
			children = (
				B9321EF71F3059410052752B /* LaunchScreen.storyboard */,
				B9321EF91F3059410052752B /* Main.storyboard */,
				B9321EFB1F3059410052752B /* Info.plist */,
				B9321EFC1F3059410052752B /* main.m */,
			);
			path = SupportFiles;
			sourceTree = "<group>";
		};
		B9321F0F1F305AD70052752B /* ALL */ = {
			isa = PBXGroup;
			children = (
				B9321F101F305AD70052752B /* C */,
				B9321F111F305AD70052752B /* M */,
				B9321F121F305AD70052752B /* V */,
			);
			path = ALL;
			sourceTree = "<group>";
		};
		B9321F101F305AD70052752B /* C */ = {
			isa = PBXGroup;
			children = (
				B90C3A511F3079CA004E64D9 /* ONEAllController.h */,
				B90C3A521F3079CA004E64D9 /* ONEAllController.m */,
			);
			path = C;
			sourceTree = "<group>";
		};
		B9321F111F305AD70052752B /* M */ = {
			isa = PBXGroup;
			children = (
			);
			path = M;
			sourceTree = "<group>";
		};
		B9321F121F305AD70052752B /* V */ = {
			isa = PBXGroup;
			children = (
			);
			path = V;
			sourceTree = "<group>";
		};
		B9321F171F305AD70052752B /* ME */ = {
			isa = PBXGroup;
			children = (
				B9321F181F305AD70052752B /* C */,
				B9321F191F305AD70052752B /* M */,
				B9321F1A1F305AD70052752B /* V */,
			);
			path = ME;
			sourceTree = "<group>";
		};
		B9321F181F305AD70052752B /* C */ = {
			isa = PBXGroup;
			children = (
				B90C3A541F3079DA004E64D9 /* ONEMeController.h */,
				B90C3A551F3079DA004E64D9 /* ONEMeController.m */,
				B90C3A561F3079DA004E64D9 /* ONEMeController.xib */,
			);
			path = C;
			sourceTree = "<group>";
		};
		B9321F191F305AD70052752B /* M */ = {
			isa = PBXGroup;
			children = (
			);
			path = M;
			sourceTree = "<group>";
		};
		B9321F1A1F305AD70052752B /* V */ = {
			isa = PBXGroup;
			children = (
			);
			path = V;
			sourceTree = "<group>";
		};
		B9321F1B1F305AD70052752B /* ONE */ = {
			isa = PBXGroup;
			children = (
				B9B828D51F361A0F008BB163 /* Home */,
				B9B828D11F361A0F008BB163 /* Detail */,
			);
			path = ONE;
			sourceTree = "<group>";
		};
		B9321F1F1F305AD70052752B /* Other */ = {
			isa = PBXGroup;
			children = (
				B9321F201F305AD70052752B /* Category */,
				B9321F211F305AD70052752B /* Const */,
				B9321F221F305AD70052752B /* Lib */,
				B9321F231F305AD70052752B /* Tool */,
				B90C3A3B1F306246004E64D9 /* CWOne_PrefixHeader.pch */,
			);
			path = Other;
			sourceTree = "<group>";
		};
		B9321F201F305AD70052752B /* Category */ = {
			isa = PBXGroup;
			children = (
				B973FC2D1F36FBAF00161989 /* UIImage+Render.h */,
				B973FC2E1F36FBAF00161989 /* UIImage+Render.m */,
				B9A73FF11F31B2E2009025FD /* UIView+CWFrame.h */,
				B9A73FF21F31B2E2009025FD /* UIView+CWFrame.m */,
				B90C3A3C1F306B8E004E64D9 /* NSString+CWTranslate.h */,
				B90C3A3D1F306B8E004E64D9 /* NSString+CWTranslate.m */,
				B90C3A591F307DE8004E64D9 /* UIColor+CWQuickCreate.h */,
				B90C3A5A1F307DE8004E64D9 /* UIColor+CWQuickCreate.m */,
				B90C3A5C1F308059004E64D9 /* UIImage+CWColorAndStretch.h */,
				B90C3A5D1F308059004E64D9 /* UIImage+CWColorAndStretch.m */,
				B9A740181F3334B7009025FD /* UILabel+CWLineSpacing.h */,
				B9A740191F3334B7009025FD /* UILabel+CWLineSpacing.m */,
				B9A7401B1F33496A009025FD /* CALayer+CWAnimation.h */,
				B9A7401C1F33496A009025FD /* CALayer+CWAnimation.m */,
				B93A7D6E1F347C8700FF86E9 /* NSString+ONEComponents.h */,
				B93A7D6F1F347C8700FF86E9 /* NSString+ONEComponents.m */,
			);
			path = Category;
			sourceTree = "<group>";
		};
		B9321F211F305AD70052752B /* Const */ = {
			isa = PBXGroup;
			children = (
				B9A73FF71F31CF57009025FD /* ONEConst.h */,
				B9A73FF81F31CF57009025FD /* ONEConst.m */,
			);
			path = Const;
			sourceTree = "<group>";
		};
		B9321F221F305AD70052752B /* Lib */ = {
			isa = PBXGroup;
			children = (
				B9376A461F36113600B31349 /* CWCalendarLabel */,
			);
			path = Lib;
			sourceTree = "<group>";
		};
		B9321F231F305AD70052752B /* Tool */ = {
			isa = PBXGroup;
			children = (
				B90C3A6B1F309500004E64D9 /* ONENetworkTool.h */,
				B90C3A6C1F309500004E64D9 /* ONENetworkTool.m */,
				B9A7400F1F32EE4B009025FD /* ONERadioTool.h */,
				B9A740101F32EE4B009025FD /* ONERadioTool.m */,
				B9A740121F32EF19009025FD /* ONERadioItem.h */,
				B9A740131F32EF19009025FD /* ONERadioItem.m */,
				B93A7D6B1F347A6A00FF86E9 /* ONEDateTool.h */,
				B93A7D6C1F347A6A00FF86E9 /* ONEDateTool.m */,
			);
			path = Tool;
			sourceTree = "<group>";
		};
		B9321F241F305AD70052752B /* System */ = {
			isa = PBXGroup;
			children = (
				B9321F251F305AD70052752B /* AppDelegate.h */,
				B9321F261F305AD70052752B /* AppDelegate.m */,
			);
			path = System;
			sourceTree = "<group>";
		};
		B9376A461F36113600B31349 /* CWCalendarLabel */ = {
			isa = PBXGroup;
			children = (
				B9376A471F36113600B31349 /* CWCalendarLabel.h */,
				B9376A481F36113600B31349 /* CWCalendarLabel.m */,
			);
			path = CWCalendarLabel;
			sourceTree = "<group>";
		};
		B9B828D11F361A0F008BB163 /* Detail */ = {
			isa = PBXGroup;
			children = (
				B9B828D21F361A0F008BB163 /* C */,
				B9B828D31F361A0F008BB163 /* M */,
				B9B828D41F361A0F008BB163 /* V */,
			);
			path = Detail;
			sourceTree = "<group>";
		};
		B9B828D21F361A0F008BB163 /* C */ = {
			isa = PBXGroup;
			children = (
				B973FC271F361ED400161989 /* ONEDetailViewController.h */,
				B973FC281F361ED400161989 /* ONEDetailViewController.m */,
				B973FC2A1F361EE700161989 /* ONEDetailTableViewController.h */,
				B973FC2B1F361EE700161989 /* ONEDetailTableViewController.m */,
			);
			path = C;
			sourceTree = "<group>";
		};
		B9B828D31F361A0F008BB163 /* M */ = {
			isa = PBXGroup;
			children = (
				B9B822521F37399D002F6961 /* ONEEssayItem.h */,
				B9B822531F37399D002F6961 /* ONEEssayItem.m */,
				B9B822551F373E93002F6961 /* ONECommentItem.h */,
				B9B822561F373E93002F6961 /* ONECommentItem.m */,
			);
			path = M;
			sourceTree = "<group>";
		};
		B9B828D41F361A0F008BB163 /* V */ = {
			isa = PBXGroup;
			children = (
				B973FC301F3703AC00161989 /* ONEDetailBottomToolView.h */,
				B973FC311F3703AC00161989 /* ONEDetailBottomToolView.m */,
				B973FC331F3703B600161989 /* ONEDetailBottomToolView.xib */,
			);
			path = V;
			sourceTree = "<group>";
		};
		B9B828D51F361A0F008BB163 /* Home */ = {
			isa = PBXGroup;
			children = (
				B9B828D61F361A0F008BB163 /* C */,
				B9B828DB1F361A0F008BB163 /* M */,
				B9B828E61F361A0F008BB163 /* V */,
			);
			path = Home;
			sourceTree = "<group>";
		};
		B9B828D61F361A0F008BB163 /* C */ = {
			isa = PBXGroup;
			children = (
				B9B828D71F361A0F008BB163 /* ONEHomeTableViewController.h */,
				B9B828D81F361A0F008BB163 /* ONEHomeTableViewController.m */,
				B9B828D91F361A0F008BB163 /* ONEHomeViewController.h */,
				B9B828DA1F361A0F008BB163 /* ONEHomeViewController.m */,
			);
			path = C;
			sourceTree = "<group>";
		};
		B9B828DB1F361A0F008BB163 /* M */ = {
			isa = PBXGroup;
			children = (
				B9B828DC1F361A0F008BB163 /* ONECatalogueItem.h */,
				B9B828DD1F361A0F008BB163 /* ONECatalogueItem.m */,
				B9B828DE1F361A0F008BB163 /* ONEHomeItem.h */,
				B9B828DF1F361A0F008BB163 /* ONEHomeItem.m */,
				B9B828E01F361A0F008BB163 /* ONEHomeMenuItem.h */,
				B9B828E11F361A0F008BB163 /* ONEHomeMenuItem.m */,
				B9B828E21F361A0F008BB163 /* ONEHomeViewModel.h */,
				B9B828E31F361A0F008BB163 /* ONEHomeViewModel.m */,
				B9B828E41F361A0F008BB163 /* ONEUserItem.h */,
				B9B828E51F361A0F008BB163 /* ONEUserItem.m */,
			);
			path = M;
			sourceTree = "<group>";
		};
		B9B828E61F361A0F008BB163 /* V */ = {
			isa = PBXGroup;
			children = (
				B9B828E71F361A0F008BB163 /* ONEHomeBaseCell.h */,
				B9B828E81F361A0F008BB163 /* ONEHomeBaseCell.m */,
				B9B828E91F361A0F008BB163 /* ONEHomeCatalogueCell.h */,
				B9B828EA1F361A0F008BB163 /* ONEHomeCatalogueCell.m */,
				B9B828EB1F361A0F008BB163 /* ONEHomeCatalogueCell.xib */,
				B9B828EC1F361A0F008BB163 /* ONEHomeCatalogueView.h */,
				B9B828ED1F361A0F008BB163 /* ONEHomeCatalogueView.m */,
				B9B828EE1F361A0F008BB163 /* ONEHomeCell.h */,
				B9B828EF1F361A0F008BB163 /* ONEHomeCell.m */,
				B9B828F01F361A0F008BB163 /* ONEHomeCell.xib */,
				B9B828F11F361A0F008BB163 /* ONEHomeHeadContentView.h */,
				B9B828F21F361A0F008BB163 /* ONEHomeHeadContentView.m */,
				B9B828F31F361A0F008BB163 /* ONEHomeHeadContentView.xib */,
				B9B828F41F361A0F008BB163 /* ONEHomeHeaderView.h */,
				B9B828F51F361A0F008BB163 /* ONEHomeHeaderView.m */,
				B9B828F61F361A0F008BB163 /* ONEHomeRadioCell.h */,
				B9B828F71F361A0F008BB163 /* ONEHomeRadioCell.m */,
				B9B828F81F361A0F008BB163 /* ONEHomeRadioCell.xib */,
				B9B828F91F361A0F008BB163 /* ONELikeView.h */,
				B9B828FA1F361A0F008BB163 /* ONELikeView.m */,
				B9B828FB1F361A0F008BB163 /* ONELikeView.xib */,
			);
			path = V;
			sourceTree = "<group>";
		};
		F7AD2679919B3393C7018D5A /* Pods */ = {
			isa = PBXGroup;
			children = (
				078DDCA7394F783113F4166F /* Pods-CWOne.debug.xcconfig */,
				C4965758B0138E3C82A59C69 /* Pods-CWOne.release.xcconfig */,
				6FDD682A7EC1D5E1AA02DB50 /* Pods-CWOneTests.debug.xcconfig */,
				A8C8EA9F5DBA5D5DFE7A9B82 /* Pods-CWOneTests.release.xcconfig */,
				5446C785477CA0C07E568670 /* Pods-CWOneUITests.debug.xcconfig */,
				CB1E6FA838C64A1EDF3F4C57 /* Pods-CWOneUITests.release.xcconfig */,
			);
			name = Pods;
			sourceTree = "<group>";
		};
/* End PBXGroup section */

/* Begin PBXNativeTarget section */
		B9321EBB1F3058CA0052752B /* CWOne */ = {
			isa = PBXNativeTarget;
			buildConfigurationList = B9321EE91F3058CA0052752B /* Build configuration list for PBXNativeTarget "CWOne" */;
			buildPhases = (
				CB3D8DF20CD7F9D2FF2D3160 /* [CP] Check Pods Manifest.lock */,
				B9321EB81F3058CA0052752B /* Sources */,
				B9321EB91F3058CA0052752B /* Frameworks */,
				B9321EBA1F3058CA0052752B /* Resources */,
				0DA43B607E1E8BE96E53ECD8 /* [CP] Embed Pods Frameworks */,
				42DF178E2C319B13E2A2E457 /* [CP] Copy Pods Resources */,
			);
			buildRules = (
			);
			dependencies = (
			);
			name = CWOne;
			productName = CWOne;
			productReference = B9321EBC1F3058CA0052752B /* CWOne.app */;
			productType = "com.apple.product-type.application";
		};
		B9321ED41F3058CA0052752B /* CWOneTests */ = {
			isa = PBXNativeTarget;
			buildConfigurationList = B9321EEC1F3058CA0052752B /* Build configuration list for PBXNativeTarget "CWOneTests" */;
			buildPhases = (
				39BE7D95124DD2AC2243D0D7 /* [CP] Check Pods Manifest.lock */,
				B9321ED11F3058CA0052752B /* Sources */,
				B9321ED21F3058CA0052752B /* Frameworks */,
				B9321ED31F3058CA0052752B /* Resources */,
				0A21F83EECC5BD2143EC8408 /* [CP] Embed Pods Frameworks */,
				22E017D19E54E30AF7D2B613 /* [CP] Copy Pods Resources */,
			);
			buildRules = (
			);
			dependencies = (
				B9321ED71F3058CA0052752B /* PBXTargetDependency */,
			);
			name = CWOneTests;
			productName = CWOneTests;
			productReference = B9321ED51F3058CA0052752B /* CWOneTests.xctest */;
			productType = "com.apple.product-type.bundle.unit-test";
		};
		B9321EDF1F3058CA0052752B /* CWOneUITests */ = {
			isa = PBXNativeTarget;
			buildConfigurationList = B9321EEF1F3058CA0052752B /* Build configuration list for PBXNativeTarget "CWOneUITests" */;
			buildPhases = (
				5390CFD4BDF5C9867F326EFC /* [CP] Check Pods Manifest.lock */,
				B9321EDC1F3058CA0052752B /* Sources */,
				B9321EDD1F3058CA0052752B /* Frameworks */,
				B9321EDE1F3058CA0052752B /* Resources */,
				464901F4457B8289817B4F29 /* [CP] Embed Pods Frameworks */,
				3138BED35DD94E869C1CA847 /* [CP] Copy Pods Resources */,
			);
			buildRules = (
			);
			dependencies = (
				B9321EE21F3058CA0052752B /* PBXTargetDependency */,
			);
			name = CWOneUITests;
			productName = CWOneUITests;
			productReference = B9321EE01F3058CA0052752B /* CWOneUITests.xctest */;
			productType = "com.apple.product-type.bundle.ui-testing";
		};
/* End PBXNativeTarget section */

/* Begin PBXProject section */
		B9321EB41F3058CA0052752B /* Project object */ = {
			isa = PBXProject;
			attributes = {
				CLASSPREFIX = ONE;
				LastUpgradeCheck = 0830;
				ORGANIZATIONNAME = Coulson_Wang;
				TargetAttributes = {
					B9321EBB1F3058CA0052752B = {
						CreatedOnToolsVersion = 8.3.3;
						DevelopmentTeam = 76G5YKQF73;
						ProvisioningStyle = Automatic;
					};
					B9321ED41F3058CA0052752B = {
						CreatedOnToolsVersion = 8.3.3;
						ProvisioningStyle = Automatic;
						TestTargetID = B9321EBB1F3058CA0052752B;
					};
					B9321EDF1F3058CA0052752B = {
						CreatedOnToolsVersion = 8.3.3;
						ProvisioningStyle = Automatic;
						TestTargetID = B9321EBB1F3058CA0052752B;
					};
				};
			};
			buildConfigurationList = B9321EB71F3058CA0052752B /* Build configuration list for PBXProject "CWOne" */;
			compatibilityVersion = "Xcode 3.2";
			developmentRegion = English;
			hasScannedForEncodings = 0;
			knownRegions = (
				en,
				Base,
			);
			mainGroup = B9321EB31F3058CA0052752B;
			productRefGroup = B9321EBD1F3058CA0052752B /* Products */;
			projectDirPath = "";
			projectRoot = "";
			targets = (
				B9321EBB1F3058CA0052752B /* CWOne */,
				B9321ED41F3058CA0052752B /* CWOneTests */,
				B9321EDF1F3058CA0052752B /* CWOneUITests */,
			);
		};
/* End PBXProject section */

/* Begin PBXResourcesBuildPhase section */
		B9321EBA1F3058CA0052752B /* Resources */ = {
			isa = PBXResourcesBuildPhase;
			buildActionMask = 2147483647;
			files = (
				B90C3A581F3079DA004E64D9 /* ONEMeController.xib in Resources */,
				B9321EFF1F3059410052752B /* Main.storyboard in Resources */,
				B9B829051F361A0F008BB163 /* ONEHomeCatalogueCell.xib in Resources */,
				B973FC341F3703B600161989 /* ONEDetailBottomToolView.xib in Resources */,
				B9B8290F1F361A0F008BB163 /* ONELikeView.xib in Resources */,
				B9B829081F361A0F008BB163 /* ONEHomeCell.xib in Resources */,
				B90C3A3A1F305FE0004E64D9 /* ONELaunchController.xib in Resources */,
				B9321ECC1F3058CA0052752B /* Assets.xcassets in Resources */,
				B9B8290A1F361A0F008BB163 /* ONEHomeHeadContentView.xib in Resources */,
				B9B8290D1F361A0F008BB163 /* ONEHomeRadioCell.xib in Resources */,
				B9321EFE1F3059410052752B /* LaunchScreen.storyboard in Resources */,
				B90C3A6A1F308A66004E64D9 /* ONEHomeNavigationBarTitleView.xib in Resources */,
			);
			runOnlyForDeploymentPostprocessing = 0;
		};
		B9321ED31F3058CA0052752B /* Resources */ = {
			isa = PBXResourcesBuildPhase;
			buildActionMask = 2147483647;
			files = (
			);
			runOnlyForDeploymentPostprocessing = 0;
		};
		B9321EDE1F3058CA0052752B /* Resources */ = {
			isa = PBXResourcesBuildPhase;
			buildActionMask = 2147483647;
			files = (
			);
			runOnlyForDeploymentPostprocessing = 0;
		};
/* End PBXResourcesBuildPhase section */

/* Begin PBXShellScriptBuildPhase section */
		0A21F83EECC5BD2143EC8408 /* [CP] Embed Pods Frameworks */ = {
			isa = PBXShellScriptBuildPhase;
			buildActionMask = 2147483647;
			files = (
			);
			inputPaths = (
			);
			name = "[CP] Embed Pods Frameworks";
			outputPaths = (
			);
			runOnlyForDeploymentPostprocessing = 0;
			shellPath = /bin/sh;
			shellScript = "\"${SRCROOT}/Pods/Target Support Files/Pods-CWOneTests/Pods-CWOneTests-frameworks.sh\"\n";
			showEnvVarsInLog = 0;
		};
		0DA43B607E1E8BE96E53ECD8 /* [CP] Embed Pods Frameworks */ = {
			isa = PBXShellScriptBuildPhase;
			buildActionMask = 2147483647;
			files = (
			);
			inputPaths = (
			);
			name = "[CP] Embed Pods Frameworks";
			outputPaths = (
			);
			runOnlyForDeploymentPostprocessing = 0;
			shellPath = /bin/sh;
			shellScript = "\"${SRCROOT}/Pods/Target Support Files/Pods-CWOne/Pods-CWOne-frameworks.sh\"\n";
			showEnvVarsInLog = 0;
		};
		22E017D19E54E30AF7D2B613 /* [CP] Copy Pods Resources */ = {
			isa = PBXShellScriptBuildPhase;
			buildActionMask = 2147483647;
			files = (
			);
			inputPaths = (
			);
			name = "[CP] Copy Pods Resources";
			outputPaths = (
			);
			runOnlyForDeploymentPostprocessing = 0;
			shellPath = /bin/sh;
			shellScript = "\"${SRCROOT}/Pods/Target Support Files/Pods-CWOneTests/Pods-CWOneTests-resources.sh\"\n";
			showEnvVarsInLog = 0;
		};
		3138BED35DD94E869C1CA847 /* [CP] Copy Pods Resources */ = {
			isa = PBXShellScriptBuildPhase;
			buildActionMask = 2147483647;
			files = (
			);
			inputPaths = (
			);
			name = "[CP] Copy Pods Resources";
			outputPaths = (
			);
			runOnlyForDeploymentPostprocessing = 0;
			shellPath = /bin/sh;
			shellScript = "\"${SRCROOT}/Pods/Target Support Files/Pods-CWOneUITests/Pods-CWOneUITests-resources.sh\"\n";
			showEnvVarsInLog = 0;
		};
		39BE7D95124DD2AC2243D0D7 /* [CP] Check Pods Manifest.lock */ = {
			isa = PBXShellScriptBuildPhase;
			buildActionMask = 2147483647;
			files = (
			);
			inputPaths = (
			);
			name = "[CP] Check Pods Manifest.lock";
			outputPaths = (
			);
			runOnlyForDeploymentPostprocessing = 0;
			shellPath = /bin/sh;
			shellScript = "diff \"${PODS_PODFILE_DIR_PATH}/Podfile.lock\" \"${PODS_ROOT}/Manifest.lock\" > /dev/null\nif [ $? != 0 ] ; then\n    # print error to STDERR\n    echo \"error: The sandbox is not in sync with the Podfile.lock. Run 'pod install' or update your CocoaPods installation.\" >&2\n    exit 1\nfi\n";
			showEnvVarsInLog = 0;
		};
		42DF178E2C319B13E2A2E457 /* [CP] Copy Pods Resources */ = {
			isa = PBXShellScriptBuildPhase;
			buildActionMask = 2147483647;
			files = (
			);
			inputPaths = (
			);
			name = "[CP] Copy Pods Resources";
			outputPaths = (
			);
			runOnlyForDeploymentPostprocessing = 0;
			shellPath = /bin/sh;
			shellScript = "\"${SRCROOT}/Pods/Target Support Files/Pods-CWOne/Pods-CWOne-resources.sh\"\n";
			showEnvVarsInLog = 0;
		};
		464901F4457B8289817B4F29 /* [CP] Embed Pods Frameworks */ = {
			isa = PBXShellScriptBuildPhase;
			buildActionMask = 2147483647;
			files = (
			);
			inputPaths = (
			);
			name = "[CP] Embed Pods Frameworks";
			outputPaths = (
			);
			runOnlyForDeploymentPostprocessing = 0;
			shellPath = /bin/sh;
			shellScript = "\"${SRCROOT}/Pods/Target Support Files/Pods-CWOneUITests/Pods-CWOneUITests-frameworks.sh\"\n";
			showEnvVarsInLog = 0;
		};
		5390CFD4BDF5C9867F326EFC /* [CP] Check Pods Manifest.lock */ = {
			isa = PBXShellScriptBuildPhase;
			buildActionMask = 2147483647;
			files = (
			);
			inputPaths = (
			);
			name = "[CP] Check Pods Manifest.lock";
			outputPaths = (
			);
			runOnlyForDeploymentPostprocessing = 0;
			shellPath = /bin/sh;
			shellScript = "diff \"${PODS_PODFILE_DIR_PATH}/Podfile.lock\" \"${PODS_ROOT}/Manifest.lock\" > /dev/null\nif [ $? != 0 ] ; then\n    # print error to STDERR\n    echo \"error: The sandbox is not in sync with the Podfile.lock. Run 'pod install' or update your CocoaPods installation.\" >&2\n    exit 1\nfi\n";
			showEnvVarsInLog = 0;
		};
		CB3D8DF20CD7F9D2FF2D3160 /* [CP] Check Pods Manifest.lock */ = {
			isa = PBXShellScriptBuildPhase;
			buildActionMask = 2147483647;
			files = (
			);
			inputPaths = (
			);
			name = "[CP] Check Pods Manifest.lock";
			outputPaths = (
			);
			runOnlyForDeploymentPostprocessing = 0;
			shellPath = /bin/sh;
			shellScript = "diff \"${PODS_PODFILE_DIR_PATH}/Podfile.lock\" \"${PODS_ROOT}/Manifest.lock\" > /dev/null\nif [ $? != 0 ] ; then\n    # print error to STDERR\n    echo \"error: The sandbox is not in sync with the Podfile.lock. Run 'pod install' or update your CocoaPods installation.\" >&2\n    exit 1\nfi\n";
			showEnvVarsInLog = 0;
		};
/* End PBXShellScriptBuildPhase section */

/* Begin PBXSourcesBuildPhase section */
		B9321EB81F3058CA0052752B /* Sources */ = {
			isa = PBXSourcesBuildPhase;
			buildActionMask = 2147483647;
			files = (
				B90C3A651F30831C004E64D9 /* ONEHomeNavigationController.m in Sources */,
				B9B829091F361A0F008BB163 /* ONEHomeHeadContentView.m in Sources */,
				B9B8290E1F361A0F008BB163 /* ONELikeView.m in Sources */,
				B9B829071F361A0F008BB163 /* ONEHomeCell.m in Sources */,
				B9B828FC1F361A0F008BB163 /* ONEHomeTableViewController.m in Sources */,
				B973FC2C1F361EE700161989 /* ONEDetailTableViewController.m in Sources */,
				B9A73FF61F31C08A009025FD /* ONEHomeWeatherItem.m in Sources */,
				B90C3A3E1F306B8F004E64D9 /* NSString+CWTranslate.m in Sources */,
				B9B829021F361A0F008BB163 /* ONEUserItem.m in Sources */,
				B90C3A531F3079CA004E64D9 /* ONEAllController.m in Sources */,
				B973FC2F1F36FBAF00161989 /* UIImage+Render.m in Sources */,
				B9A7401A1F3334B7009025FD /* UILabel+CWLineSpacing.m in Sources */,
				B93A7D701F347C8700FF86E9 /* NSString+ONEComponents.m in Sources */,
				B90C3A391F305FE0004E64D9 /* ONELaunchController.m in Sources */,
				B9A73FF31F31B2E2009025FD /* UIView+CWFrame.m in Sources */,
				B90C3A571F3079DA004E64D9 /* ONEMeController.m in Sources */,
				B9376A491F36113600B31349 /* CWCalendarLabel.m in Sources */,
				B90C3A5E1F308059004E64D9 /* UIImage+CWColorAndStretch.m in Sources */,
				B90C3A681F308A4F004E64D9 /* ONEHomeNavigationBarTitleView.m in Sources */,
				B9B828FF1F361A0F008BB163 /* ONEHomeItem.m in Sources */,
				B9B829061F361A0F008BB163 /* ONEHomeCatalogueView.m in Sources */,
				B90C3A6D1F309500004E64D9 /* ONENetworkTool.m in Sources */,
				B9321F271F305AD70052752B /* AppDelegate.m in Sources */,
				B9B822571F373E93002F6961 /* ONECommentItem.m in Sources */,
				B9B8290C1F361A0F008BB163 /* ONEHomeRadioCell.m in Sources */,
				B9B829041F361A0F008BB163 /* ONEHomeCatalogueCell.m in Sources */,
				B9B828FD1F361A0F008BB163 /* ONEHomeViewController.m in Sources */,
				B9A7401D1F33496A009025FD /* CALayer+CWAnimation.m in Sources */,
				B9B822541F37399D002F6961 /* ONEEssayItem.m in Sources */,
				B9A740141F32EF19009025FD /* ONERadioItem.m in Sources */,
				B90C3A4D1F3072A9004E64D9 /* ONEMainTabBarController.m in Sources */,
				B90C3A5B1F307DE8004E64D9 /* UIColor+CWQuickCreate.m in Sources */,
				B9321F011F3059410052752B /* main.m in Sources */,
				B973FC291F361ED400161989 /* ONEDetailViewController.m in Sources */,
				B9B828FE1F361A0F008BB163 /* ONECatalogueItem.m in Sources */,
				B9B829001F361A0F008BB163 /* ONEHomeMenuItem.m in Sources */,
				B9B829031F361A0F008BB163 /* ONEHomeBaseCell.m in Sources */,
				B9B829011F361A0F008BB163 /* ONEHomeViewModel.m in Sources */,
				B9A73FF91F31CF57009025FD /* ONEConst.m in Sources */,
				B93A7D6D1F347A6A00FF86E9 /* ONEDateTool.m in Sources */,
				B9B8290B1F361A0F008BB163 /* ONEHomeHeaderView.m in Sources */,
				B9A740111F32EE4B009025FD /* ONERadioTool.m in Sources */,
				B9D6BBFF1F35F339002CA8FC /* ONEHomeNavigationBarTitleTextView.m in Sources */,
				B973FC321F3703AC00161989 /* ONEDetailBottomToolView.m in Sources */,
			);
			runOnlyForDeploymentPostprocessing = 0;
		};
		B9321ED11F3058CA0052752B /* Sources */ = {
			isa = PBXSourcesBuildPhase;
			buildActionMask = 2147483647;
			files = (
				B9321EDA1F3058CA0052752B /* CWOneTests.m in Sources */,
			);
			runOnlyForDeploymentPostprocessing = 0;
		};
		B9321EDC1F3058CA0052752B /* Sources */ = {
			isa = PBXSourcesBuildPhase;
			buildActionMask = 2147483647;
			files = (
				B9321EE51F3058CA0052752B /* CWOneUITests.m in Sources */,
			);
			runOnlyForDeploymentPostprocessing = 0;
		};
/* End PBXSourcesBuildPhase section */

/* Begin PBXTargetDependency section */
		B9321ED71F3058CA0052752B /* PBXTargetDependency */ = {
			isa = PBXTargetDependency;
			target = B9321EBB1F3058CA0052752B /* CWOne */;
			targetProxy = B9321ED61F3058CA0052752B /* PBXContainerItemProxy */;
		};
		B9321EE21F3058CA0052752B /* PBXTargetDependency */ = {
			isa = PBXTargetDependency;
			target = B9321EBB1F3058CA0052752B /* CWOne */;
			targetProxy = B9321EE11F3058CA0052752B /* PBXContainerItemProxy */;
		};
/* End PBXTargetDependency section */

/* Begin PBXVariantGroup section */
		B9321EF71F3059410052752B /* LaunchScreen.storyboard */ = {
			isa = PBXVariantGroup;
			children = (
				B9321EF81F3059410052752B /* Base */,
			);
			name = LaunchScreen.storyboard;
			sourceTree = "<group>";
		};
		B9321EF91F3059410052752B /* Main.storyboard */ = {
			isa = PBXVariantGroup;
			children = (
				B9321EFA1F3059410052752B /* Base */,
			);
			name = Main.storyboard;
			sourceTree = "<group>";
		};
/* End PBXVariantGroup section */

/* Begin XCBuildConfiguration section */
		B9321EE71F3058CA0052752B /* Debug */ = {
			isa = XCBuildConfiguration;
			buildSettings = {
				ALWAYS_SEARCH_USER_PATHS = NO;
				CLANG_ANALYZER_NONNULL = YES;
				CLANG_ANALYZER_NUMBER_OBJECT_CONVERSION = YES_AGGRESSIVE;
				CLANG_CXX_LANGUAGE_STANDARD = "gnu++0x";
				CLANG_CXX_LIBRARY = "libc++";
				CLANG_ENABLE_MODULES = YES;
				CLANG_ENABLE_OBJC_ARC = YES;
				CLANG_WARN_BOOL_CONVERSION = YES;
				CLANG_WARN_CONSTANT_CONVERSION = YES;
				CLANG_WARN_DIRECT_OBJC_ISA_USAGE = YES_ERROR;
				CLANG_WARN_DOCUMENTATION_COMMENTS = YES;
				CLANG_WARN_EMPTY_BODY = YES;
				CLANG_WARN_ENUM_CONVERSION = YES;
				CLANG_WARN_INFINITE_RECURSION = YES;
				CLANG_WARN_INT_CONVERSION = YES;
				CLANG_WARN_OBJC_ROOT_CLASS = YES_ERROR;
				CLANG_WARN_SUSPICIOUS_MOVE = YES;
				CLANG_WARN_UNREACHABLE_CODE = YES;
				CLANG_WARN__DUPLICATE_METHOD_MATCH = YES;
				"CODE_SIGN_IDENTITY[sdk=iphoneos*]" = "iPhone Developer";
				COPY_PHASE_STRIP = NO;
				DEBUG_INFORMATION_FORMAT = dwarf;
				ENABLE_STRICT_OBJC_MSGSEND = YES;
				ENABLE_TESTABILITY = YES;
				GCC_C_LANGUAGE_STANDARD = gnu99;
				GCC_DYNAMIC_NO_PIC = NO;
				GCC_NO_COMMON_BLOCKS = YES;
				GCC_OPTIMIZATION_LEVEL = 0;
				GCC_PREPROCESSOR_DEFINITIONS = (
					"DEBUG=1",
					"$(inherited)",
				);
				GCC_WARN_64_TO_32_BIT_CONVERSION = YES;
				GCC_WARN_ABOUT_RETURN_TYPE = YES_ERROR;
				GCC_WARN_UNDECLARED_SELECTOR = YES;
				GCC_WARN_UNINITIALIZED_AUTOS = YES_AGGRESSIVE;
				GCC_WARN_UNUSED_FUNCTION = YES;
				GCC_WARN_UNUSED_VARIABLE = YES;
				IPHONEOS_DEPLOYMENT_TARGET = 10.3;
				MTL_ENABLE_DEBUG_INFO = YES;
				ONLY_ACTIVE_ARCH = YES;
				SDKROOT = iphoneos;
			};
			name = Debug;
		};
		B9321EE81F3058CA0052752B /* Release */ = {
			isa = XCBuildConfiguration;
			buildSettings = {
				ALWAYS_SEARCH_USER_PATHS = NO;
				CLANG_ANALYZER_NONNULL = YES;
				CLANG_ANALYZER_NUMBER_OBJECT_CONVERSION = YES_AGGRESSIVE;
				CLANG_CXX_LANGUAGE_STANDARD = "gnu++0x";
				CLANG_CXX_LIBRARY = "libc++";
				CLANG_ENABLE_MODULES = YES;
				CLANG_ENABLE_OBJC_ARC = YES;
				CLANG_WARN_BOOL_CONVERSION = YES;
				CLANG_WARN_CONSTANT_CONVERSION = YES;
				CLANG_WARN_DIRECT_OBJC_ISA_USAGE = YES_ERROR;
				CLANG_WARN_DOCUMENTATION_COMMENTS = YES;
				CLANG_WARN_EMPTY_BODY = YES;
				CLANG_WARN_ENUM_CONVERSION = YES;
				CLANG_WARN_INFINITE_RECURSION = YES;
				CLANG_WARN_INT_CONVERSION = YES;
				CLANG_WARN_OBJC_ROOT_CLASS = YES_ERROR;
				CLANG_WARN_SUSPICIOUS_MOVE = YES;
				CLANG_WARN_UNREACHABLE_CODE = YES;
				CLANG_WARN__DUPLICATE_METHOD_MATCH = YES;
				"CODE_SIGN_IDENTITY[sdk=iphoneos*]" = "iPhone Developer";
				COPY_PHASE_STRIP = NO;
				DEBUG_INFORMATION_FORMAT = "dwarf-with-dsym";
				ENABLE_NS_ASSERTIONS = NO;
				ENABLE_STRICT_OBJC_MSGSEND = YES;
				GCC_C_LANGUAGE_STANDARD = gnu99;
				GCC_NO_COMMON_BLOCKS = YES;
				GCC_WARN_64_TO_32_BIT_CONVERSION = YES;
				GCC_WARN_ABOUT_RETURN_TYPE = YES_ERROR;
				GCC_WARN_UNDECLARED_SELECTOR = YES;
				GCC_WARN_UNINITIALIZED_AUTOS = YES_AGGRESSIVE;
				GCC_WARN_UNUSED_FUNCTION = YES;
				GCC_WARN_UNUSED_VARIABLE = YES;
				IPHONEOS_DEPLOYMENT_TARGET = 10.3;
				MTL_ENABLE_DEBUG_INFO = NO;
				SDKROOT = iphoneos;
				VALIDATE_PRODUCT = YES;
			};
			name = Release;
		};
		B9321EEA1F3058CA0052752B /* Debug */ = {
			isa = XCBuildConfiguration;
			baseConfigurationReference = 078DDCA7394F783113F4166F /* Pods-CWOne.debug.xcconfig */;
			buildSettings = {
				ASSETCATALOG_COMPILER_APPICON_NAME = AppIcon;
				DEVELOPMENT_TEAM = 76G5YKQF73;
				GCC_PRECOMPILE_PREFIX_HEADER = YES;
				GCC_PREFIX_HEADER = CWOne/Classes/Other/CWOne_PrefixHeader.pch;
				INFOPLIST_FILE = "$(SRCROOT)/CWOne/SupportFiles/Info.plist";
				IPHONEOS_DEPLOYMENT_TARGET = 9.0;
				LD_RUNPATH_SEARCH_PATHS = "$(inherited) @executable_path/Frameworks";
				PRODUCT_BUNDLE_IDENTIFIER = Personal.YYWang.CWOne;
				PRODUCT_NAME = "$(TARGET_NAME)";
			};
			name = Debug;
		};
		B9321EEB1F3058CA0052752B /* Release */ = {
			isa = XCBuildConfiguration;
			baseConfigurationReference = C4965758B0138E3C82A59C69 /* Pods-CWOne.release.xcconfig */;
			buildSettings = {
				ASSETCATALOG_COMPILER_APPICON_NAME = AppIcon;
				DEVELOPMENT_TEAM = 76G5YKQF73;
				GCC_PRECOMPILE_PREFIX_HEADER = YES;
				GCC_PREFIX_HEADER = CWOne/Classes/Other/CWOne_PrefixHeader.pch;
				INFOPLIST_FILE = "$(SRCROOT)/CWOne/SupportFiles/Info.plist";
				IPHONEOS_DEPLOYMENT_TARGET = 9.0;
				LD_RUNPATH_SEARCH_PATHS = "$(inherited) @executable_path/Frameworks";
				PRODUCT_BUNDLE_IDENTIFIER = Personal.YYWang.CWOne;
				PRODUCT_NAME = "$(TARGET_NAME)";
			};
			name = Release;
		};
		B9321EED1F3058CA0052752B /* Debug */ = {
			isa = XCBuildConfiguration;
			baseConfigurationReference = 6FDD682A7EC1D5E1AA02DB50 /* Pods-CWOneTests.debug.xcconfig */;
			buildSettings = {
				BUNDLE_LOADER = "$(TEST_HOST)";
				INFOPLIST_FILE = CWOneTests/Info.plist;
				LD_RUNPATH_SEARCH_PATHS = "$(inherited) @executable_path/Frameworks @loader_path/Frameworks";
				PRODUCT_BUNDLE_IDENTIFIER = Personal.YYWang.CWOneTests;
				PRODUCT_NAME = "$(TARGET_NAME)";
				TEST_HOST = "$(BUILT_PRODUCTS_DIR)/CWOne.app/CWOne";
			};
			name = Debug;
		};
		B9321EEE1F3058CA0052752B /* Release */ = {
			isa = XCBuildConfiguration;
			baseConfigurationReference = A8C8EA9F5DBA5D5DFE7A9B82 /* Pods-CWOneTests.release.xcconfig */;
			buildSettings = {
				BUNDLE_LOADER = "$(TEST_HOST)";
				INFOPLIST_FILE = CWOneTests/Info.plist;
				LD_RUNPATH_SEARCH_PATHS = "$(inherited) @executable_path/Frameworks @loader_path/Frameworks";
				PRODUCT_BUNDLE_IDENTIFIER = Personal.YYWang.CWOneTests;
				PRODUCT_NAME = "$(TARGET_NAME)";
				TEST_HOST = "$(BUILT_PRODUCTS_DIR)/CWOne.app/CWOne";
			};
			name = Release;
		};
		B9321EF01F3058CA0052752B /* Debug */ = {
			isa = XCBuildConfiguration;
			baseConfigurationReference = 5446C785477CA0C07E568670 /* Pods-CWOneUITests.debug.xcconfig */;
			buildSettings = {
				INFOPLIST_FILE = CWOneUITests/Info.plist;
				LD_RUNPATH_SEARCH_PATHS = "$(inherited) @executable_path/Frameworks @loader_path/Frameworks";
				PRODUCT_BUNDLE_IDENTIFIER = Personal.YYWang.CWOneUITests;
				PRODUCT_NAME = "$(TARGET_NAME)";
				TEST_TARGET_NAME = CWOne;
			};
			name = Debug;
		};
		B9321EF11F3058CA0052752B /* Release */ = {
			isa = XCBuildConfiguration;
			baseConfigurationReference = CB1E6FA838C64A1EDF3F4C57 /* Pods-CWOneUITests.release.xcconfig */;
			buildSettings = {
				INFOPLIST_FILE = CWOneUITests/Info.plist;
				LD_RUNPATH_SEARCH_PATHS = "$(inherited) @executable_path/Frameworks @loader_path/Frameworks";
				PRODUCT_BUNDLE_IDENTIFIER = Personal.YYWang.CWOneUITests;
				PRODUCT_NAME = "$(TARGET_NAME)";
				TEST_TARGET_NAME = CWOne;
			};
			name = Release;
		};
/* End XCBuildConfiguration section */

/* Begin XCConfigurationList section */
		B9321EB71F3058CA0052752B /* Build configuration list for PBXProject "CWOne" */ = {
			isa = XCConfigurationList;
			buildConfigurations = (
				B9321EE71F3058CA0052752B /* Debug */,
				B9321EE81F3058CA0052752B /* Release */,
			);
			defaultConfigurationIsVisible = 0;
			defaultConfigurationName = Release;
		};
		B9321EE91F3058CA0052752B /* Build configuration list for PBXNativeTarget "CWOne" */ = {
			isa = XCConfigurationList;
			buildConfigurations = (
				B9321EEA1F3058CA0052752B /* Debug */,
				B9321EEB1F3058CA0052752B /* Release */,
			);
			defaultConfigurationIsVisible = 0;
			defaultConfigurationName = Release;
		};
		B9321EEC1F3058CA0052752B /* Build configuration list for PBXNativeTarget "CWOneTests" */ = {
			isa = XCConfigurationList;
			buildConfigurations = (
				B9321EED1F3058CA0052752B /* Debug */,
				B9321EEE1F3058CA0052752B /* Release */,
			);
			defaultConfigurationIsVisible = 0;
			defaultConfigurationName = Release;
		};
		B9321EEF1F3058CA0052752B /* Build configuration list for PBXNativeTarget "CWOneUITests" */ = {
			isa = XCConfigurationList;
			buildConfigurations = (
				B9321EF01F3058CA0052752B /* Debug */,
				B9321EF11F3058CA0052752B /* Release */,
			);
			defaultConfigurationIsVisible = 0;
			defaultConfigurationName = Release;
		};
/* End XCConfigurationList section */
	};
	rootObject = B9321EB41F3058CA0052752B /* Project object */;
}
