// !$*UTF8*$!
{
	archiveVersion = 1;
	classes = {
	};
	objectVersion = 46;
	objects = {

/* Begin PBXBuildFile section */
		7CA1E15E6511676B4268D543 /* libPods-CWOne.a in Frameworks */ = {isa = PBXBuildFile; fileRef = CAEBC5A8134C50C8A3A00FD6 /* libPods-CWOne.a */; };
		96469C48D61426A2834B3F99 /* libPods-CWOneTests.a in Frameworks */ = {isa = PBXBuildFile; fileRef = 0873E175AD65EDFFF9C13BF9 /* libPods-CWOneTests.a */; };
		A88E8621F07288D54C66EDE4 /* libPods-CWOneUITests.a in Frameworks */ = {isa = PBXBuildFile; fileRef = 178CB81C74BD020AFB33A200 /* libPods-CWOneUITests.a */; };
		B90C3A391F305FE0004E64D9 /* ONELaunchController.m in Sources */ = {isa = PBXBuildFile; fileRef = B90C3A371F305FE0004E64D9 /* ONELaunchController.m */; };
		B90C3A3A1F305FE0004E64D9 /* ONELaunchController.xib in Resources */ = {isa = PBXBuildFile; fileRef = B90C3A381F305FE0004E64D9 /* ONELaunchController.xib */; };
		B90C3A3E1F306B8F004E64D9 /* NSString+CWTranslate.m in Sources */ = {isa = PBXBuildFile; fileRef = B90C3A3D1F306B8E004E64D9 /* NSString+CWTranslate.m */; };
		B90C3A4D1F3072A9004E64D9 /* ONEMainTabBarController.m in Sources */ = {isa = PBXBuildFile; fileRef = B90C3A4C1F3072A9004E64D9 /* ONEMainTabBarController.m */; };
		B90C3A501F3079B5004E64D9 /* ONEHomeController.m in Sources */ = {isa = PBXBuildFile; fileRef = B90C3A4F1F3079B5004E64D9 /* ONEHomeController.m */; };
		B90C3A531F3079CA004E64D9 /* ONEAllController.m in Sources */ = {isa = PBXBuildFile; fileRef = B90C3A521F3079CA004E64D9 /* ONEAllController.m */; };
		B90C3A571F3079DA004E64D9 /* ONEMeController.m in Sources */ = {isa = PBXBuildFile; fileRef = B90C3A551F3079DA004E64D9 /* ONEMeController.m */; };
		B90C3A581F3079DA004E64D9 /* ONEMeController.xib in Resources */ = {isa = PBXBuildFile; fileRef = B90C3A561F3079DA004E64D9 /* ONEMeController.xib */; };
		B9321ECC1F3058CA0052752B /* Assets.xcassets in Resources */ = {isa = PBXBuildFile; fileRef = B9321ECB1F3058CA0052752B /* Assets.xcassets */; };
		B9321EDA1F3058CA0052752B /* CWOneTests.m in Sources */ = {isa = PBXBuildFile; fileRef = B9321ED91F3058CA0052752B /* CWOneTests.m */; };
		B9321EE51F3058CA0052752B /* CWOneUITests.m in Sources */ = {isa = PBXBuildFile; fileRef = B9321EE41F3058CA0052752B /* CWOneUITests.m */; };
		B9321EFE1F3059410052752B /* LaunchScreen.storyboard in Resources */ = {isa = PBXBuildFile; fileRef = B9321EF71F3059410052752B /* LaunchScreen.storyboard */; };
		B9321EFF1F3059410052752B /* Main.storyboard in Resources */ = {isa = PBXBuildFile; fileRef = B9321EF91F3059410052752B /* Main.storyboard */; };
		B9321F011F3059410052752B /* main.m in Sources */ = {isa = PBXBuildFile; fileRef = B9321EFC1F3059410052752B /* main.m */; };
		B9321F271F305AD70052752B /* AppDelegate.m in Sources */ = {isa = PBXBuildFile; fileRef = B9321F261F305AD70052752B /* AppDelegate.m */; };
/* End PBXBuildFile section */

/* Begin PBXContainerItemProxy section */
		B9321ED61F3058CA0052752B /* PBXContainerItemProxy */ = {
			isa = PBXContainerItemProxy;
			containerPortal = B9321EB41F3058CA0052752B /* Project object */;
			proxyType = 1;
			remoteGlobalIDString = B9321EBB1F3058CA0052752B;
			remoteInfo = CWOne;
		};
		B9321EE11F3058CA0052752B /* PBXContainerItemProxy */ = {
			isa = PBXContainerItemProxy;
			containerPortal = B9321EB41F3058CA0052752B /* Project object */;
			proxyType = 1;
			remoteGlobalIDString = B9321EBB1F3058CA0052752B;
			remoteInfo = CWOne;
		};
/* End PBXContainerItemProxy section */

/* Begin PBXFileReference section */
		078DDCA7394F783113F4166F /* Pods-CWOne.debug.xcconfig */ = {isa = PBXFileReference; includeInIndex = 1; lastKnownFileType = text.xcconfig; name = "Pods-CWOne.debug.xcconfig"; path = "Pods/Target Support Files/Pods-CWOne/Pods-CWOne.debug.xcconfig"; sourceTree = "<group>"; };
		0873E175AD65EDFFF9C13BF9 /* libPods-CWOneTests.a */ = {isa = PBXFileReference; explicitFileType = archive.ar; includeInIndex = 0; path = "libPods-CWOneTests.a"; sourceTree = BUILT_PRODUCTS_DIR; };
		178CB81C74BD020AFB33A200 /* libPods-CWOneUITests.a */ = {isa = PBXFileReference; explicitFileType = archive.ar; includeInIndex = 0; path = "libPods-CWOneUITests.a"; sourceTree = BUILT_PRODUCTS_DIR; };
		5446C785477CA0C07E568670 /* Pods-CWOneUITests.debug.xcconfig */ = {isa = PBXFileReference; includeInIndex = 1; lastKnownFileType = text.xcconfig; name = "Pods-CWOneUITests.debug.xcconfig"; path = "Pods/Target Support Files/Pods-CWOneUITests/Pods-CWOneUITests.debug.xcconfig"; sourceTree = "<group>"; };
		6FDD682A7EC1D5E1AA02DB50 /* Pods-CWOneTests.debug.xcconfig */ = {isa = PBXFileReference; includeInIndex = 1; lastKnownFileType = text.xcconfig; name = "Pods-CWOneTests.debug.xcconfig"; path = "Pods/Target Support Files/Pods-CWOneTests/Pods-CWOneTests.debug.xcconfig"; sourceTree = "<group>"; };
		A8C8EA9F5DBA5D5DFE7A9B82 /* Pods-CWOneTests.release.xcconfig */ = {isa = PBXFileReference; includeInIndex = 1; lastKnownFileType = text.xcconfig; name = "Pods-CWOneTests.release.xcconfig"; path = "Pods/Target Support Files/Pods-CWOneTests/Pods-CWOneTests.release.xcconfig"; sourceTree = "<group>"; };
		B90C3A361F305FE0004E64D9 /* ONELaunchController.h */ = {isa = PBXFileReference; fileEncoding = 4; lastKnownFileType = sourcecode.c.h; path = ONELaunchController.h; sourceTree = "<group>"; };
		B90C3A371F305FE0004E64D9 /* ONELaunchController.m */ = {isa = PBXFileReference; fileEncoding = 4; lastKnownFileType = sourcecode.c.objc; path = ONELaunchController.m; sourceTree = "<group>"; };
		B90C3A381F305FE0004E64D9 /* ONELaunchController.xib */ = {isa = PBXFileReference; fileEncoding = 4; lastKnownFileType = file.xib; path = ONELaunchController.xib; sourceTree = "<group>"; };
		B90C3A3B1F306246004E64D9 /* CWOne_PrefixHeader.pch */ = {isa = PBXFileReference; fileEncoding = 4; lastKnownFileType = sourcecode.c.h; path = CWOne_PrefixHeader.pch; sourceTree = "<group>"; };
		B90C3A3C1F306B8E004E64D9 /* NSString+CWTranslate.h */ = {isa = PBXFileReference; fileEncoding = 4; lastKnownFileType = sourcecode.c.h; path = "NSString+CWTranslate.h"; sourceTree = "<group>"; };
		B90C3A3D1F306B8E004E64D9 /* NSString+CWTranslate.m */ = {isa = PBXFileReference; fileEncoding = 4; lastKnownFileType = sourcecode.c.objc; path = "NSString+CWTranslate.m"; sourceTree = "<group>"; };
		B90C3A4B1F3072A9004E64D9 /* ONEMainTabBarController.h */ = {isa = PBXFileReference; fileEncoding = 4; lastKnownFileType = sourcecode.c.h; path = ONEMainTabBarController.h; sourceTree = "<group>"; };
		B90C3A4C1F3072A9004E64D9 /* ONEMainTabBarController.m */ = {isa = PBXFileReference; fileEncoding = 4; lastKnownFileType = sourcecode.c.objc; path = ONEMainTabBarController.m; sourceTree = "<group>"; };
		B90C3A4E1F3079B5004E64D9 /* ONEHomeController.h */ = {isa = PBXFileReference; fileEncoding = 4; lastKnownFileType = sourcecode.c.h; path = ONEHomeController.h; sourceTree = "<group>"; };
		B90C3A4F1F3079B5004E64D9 /* ONEHomeController.m */ = {isa = PBXFileReference; fileEncoding = 4; lastKnownFileType = sourcecode.c.objc; path = ONEHomeController.m; sourceTree = "<group>"; };
		B90C3A511F3079CA004E64D9 /* ONEAllController.h */ = {isa = PBXFileReference; fileEncoding = 4; lastKnownFileType = sourcecode.c.h; path = ONEAllController.h; sourceTree = "<group>"; };
		B90C3A521F3079CA004E64D9 /* ONEAllController.m */ = {isa = PBXFileReference; fileEncoding = 4; lastKnownFileType = sourcecode.c.objc; path = ONEAllController.m; sourceTree = "<group>"; };
		B90C3A541F3079DA004E64D9 /* ONEMeController.h */ = {isa = PBXFileReference; fileEncoding = 4; lastKnownFileType = sourcecode.c.h; path = ONEMeController.h; sourceTree = "<group>"; };
		B90C3A551F3079DA004E64D9 /* ONEMeController.m */ = {isa = PBXFileReference; fileEncoding = 4; lastKnownFileType = sourcecode.c.objc; path = ONEMeController.m; sourceTree = "<group>"; };
		B90C3A561F3079DA004E64D9 /* ONEMeController.xib */ = {isa = PBXFileReference; fileEncoding = 4; lastKnownFileType = file.xib; path = ONEMeController.xib; sourceTree = "<group>"; };
		B9321EBC1F3058CA0052752B /* CWOne.app */ = {isa = PBXFileReference; explicitFileType = wrapper.application; includeInIndex = 0; path = CWOne.app; sourceTree = BUILT_PRODUCTS_DIR; };
		B9321ECB1F3058CA0052752B /* Assets.xcassets */ = {isa = PBXFileReference; lastKnownFileType = folder.assetcatalog; path = Assets.xcassets; sourceTree = "<group>"; };
		B9321ED51F3058CA0052752B /* CWOneTests.xctest */ = {isa = PBXFileReference; explicitFileType = wrapper.cfbundle; includeInIndex = 0; path = CWOneTests.xctest; sourceTree = BUILT_PRODUCTS_DIR; };
		B9321ED91F3058CA0052752B /* CWOneTests.m */ = {isa = PBXFileReference; lastKnownFileType = sourcecode.c.objc; path = CWOneTests.m; sourceTree = "<group>"; };
		B9321EDB1F3058CA0052752B /* Info.plist */ = {isa = PBXFileReference; lastKnownFileType = text.plist.xml; path = Info.plist; sourceTree = "<group>"; };
		B9321EE01F3058CA0052752B /* CWOneUITests.xctest */ = {isa = PBXFileReference; explicitFileType = wrapper.cfbundle; includeInIndex = 0; path = CWOneUITests.xctest; sourceTree = BUILT_PRODUCTS_DIR; };
		B9321EE41F3058CA0052752B /* CWOneUITests.m */ = {isa = PBXFileReference; lastKnownFileType = sourcecode.c.objc; path = CWOneUITests.m; sourceTree = "<group>"; };
		B9321EE61F3058CA0052752B /* Info.plist */ = {isa = PBXFileReference; lastKnownFileType = text.plist.xml; path = Info.plist; sourceTree = "<group>"; };
		B9321EF81F3059410052752B /* Base */ = {isa = PBXFileReference; lastKnownFileType = file.storyboard; name = Base; path = Base.lproj/LaunchScreen.storyboard; sourceTree = "<group>"; };
		B9321EFA1F3059410052752B /* Base */ = {isa = PBXFileReference; lastKnownFileType = file.storyboard; name = Base; path = Base.lproj/Main.storyboard; sourceTree = "<group>"; };
		B9321EFB1F3059410052752B /* Info.plist */ = {isa = PBXFileReference; fileEncoding = 4; lastKnownFileType = text.plist.xml; path = Info.plist; sourceTree = "<group>"; };
		B9321EFC1F3059410052752B /* main.m */ = {isa = PBXFileReference; fileEncoding = 4; lastKnownFileType = sourcecode.c.objc; path = main.m; sourceTree = "<group>"; };
		B9321F251F305AD70052752B /* AppDelegate.h */ = {isa = PBXFileReference; fileEncoding = 4; lastKnownFileType = sourcecode.c.h; path = AppDelegate.h; sourceTree = "<group>"; };
		B9321F261F305AD70052752B /* AppDelegate.m */ = {isa = PBXFileReference; fileEncoding = 4; lastKnownFileType = sourcecode.c.objc; path = AppDelegate.m; sourceTree = "<group>"; };
		C4965758B0138E3C82A59C69 /* Pods-CWOne.release.xcconfig */ = {isa = PBXFileReference; includeInIndex = 1; lastKnownFileType = text.xcconfig; name = "Pods-CWOne.release.xcconfig"; path = "Pods/Target Support Files/Pods-CWOne/Pods-CWOne.release.xcconfig"; sourceTree = "<group>"; };
		CAEBC5A8134C50C8A3A00FD6 /* libPods-CWOne.a */ = {isa = PBXFileReference; explicitFileType = archive.ar; includeInIndex = 0; path = "libPods-CWOne.a"; sourceTree = BUILT_PRODUCTS_DIR; };
		CB1E6FA838C64A1EDF3F4C57 /* Pods-CWOneUITests.release.xcconfig */ = {isa = PBXFileReference; includeInIndex = 1; lastKnownFileType = text.xcconfig; name = "Pods-CWOneUITests.release.xcconfig"; path = "Pods/Target Support Files/Pods-CWOneUITests/Pods-CWOneUITests.release.xcconfig"; sourceTree = "<group>"; };
/* End PBXFileReference section */

/* Begin PBXFrameworksBuildPhase section */
		B9321EB91F3058CA0052752B /* Frameworks */ = {
			isa = PBXFrameworksBuildPhase;
			buildActionMask = 2147483647;
			files = (
				7CA1E15E6511676B4268D543 /* libPods-CWOne.a in Frameworks */,
			);
			runOnlyForDeploymentPostprocessing = 0;
		};
		B9321ED21F3058CA0052752B /* Frameworks */ = {
			isa = PBXFrameworksBuildPhase;
			buildActionMask = 2147483647;
			files = (
				96469C48D61426A2834B3F99 /* libPods-CWOneTests.a in Frameworks */,
			);
			runOnlyForDeploymentPostprocessing = 0;
		};
		B9321EDD1F3058CA0052752B /* Frameworks */ = {
			isa = PBXFrameworksBuildPhase;
			buildActionMask = 2147483647;
			files = (
				A88E8621F07288D54C66EDE4 /* libPods-CWOneUITests.a in Frameworks */,
			);
			runOnlyForDeploymentPostprocessing = 0;
		};
/* End PBXFrameworksBuildPhase section */

/* Begin PBXGroup section */
		4624EEE2A2DE04121A38E099 /* Frameworks */ = {
			isa = PBXGroup;
			children = (
				CAEBC5A8134C50C8A3A00FD6 /* libPods-CWOne.a */,
				0873E175AD65EDFFF9C13BF9 /* libPods-CWOneTests.a */,
				178CB81C74BD020AFB33A200 /* libPods-CWOneUITests.a */,
			);
			name = Frameworks;
			sourceTree = "<group>";
		};
		B90C3A311F305FA8004E64D9 /* Main */ = {
			isa = PBXGroup;
			children = (
				B90C3A321F305FA8004E64D9 /* Launch */,
				B90C3A471F307281004E64D9 /* TabBar */,
			);
			path = Main;
			sourceTree = "<group>";
		};
		B90C3A321F305FA8004E64D9 /* Launch */ = {
			isa = PBXGroup;
			children = (
				B90C3A331F305FA8004E64D9 /* C */,
				B90C3A341F305FA8004E64D9 /* M */,
				B90C3A351F305FA8004E64D9 /* V */,
			);
			path = Launch;
			sourceTree = "<group>";
		};
		B90C3A331F305FA8004E64D9 /* C */ = {
			isa = PBXGroup;
			children = (
				B90C3A361F305FE0004E64D9 /* ONELaunchController.h */,
				B90C3A371F305FE0004E64D9 /* ONELaunchController.m */,
				B90C3A381F305FE0004E64D9 /* ONELaunchController.xib */,
			);
			path = C;
			sourceTree = "<group>";
		};
		B90C3A341F305FA8004E64D9 /* M */ = {
			isa = PBXGroup;
			children = (
			);
			path = M;
			sourceTree = "<group>";
		};
		B90C3A351F305FA8004E64D9 /* V */ = {
			isa = PBXGroup;
			children = (
			);
			path = V;
			sourceTree = "<group>";
		};
		B90C3A471F307281004E64D9 /* TabBar */ = {
			isa = PBXGroup;
			children = (
				B90C3A481F307281004E64D9 /* C */,
				B90C3A491F307281004E64D9 /* M */,
				B90C3A4A1F307281004E64D9 /* V */,
			);
			path = TabBar;
			sourceTree = "<group>";
		};
		B90C3A481F307281004E64D9 /* C */ = {
			isa = PBXGroup;
			children = (
				B90C3A4B1F3072A9004E64D9 /* ONEMainTabBarController.h */,
				B90C3A4C1F3072A9004E64D9 /* ONEMainTabBarController.m */,
			);
			path = C;
			sourceTree = "<group>";
		};
		B90C3A491F307281004E64D9 /* M */ = {
			isa = PBXGroup;
			children = (
			);
			path = M;
			sourceTree = "<group>";
		};
		B90C3A4A1F307281004E64D9 /* V */ = {
			isa = PBXGroup;
			children = (
			);
			path = V;
			sourceTree = "<group>";
		};
		B9321EB31F3058CA0052752B = {
			isa = PBXGroup;
			children = (
				B9321EBE1F3058CA0052752B /* CWOne */,
				B9321ED81F3058CA0052752B /* CWOneTests */,
				B9321EE31F3058CA0052752B /* CWOneUITests */,
				B9321EBD1F3058CA0052752B /* Products */,
				F7AD2679919B3393C7018D5A /* Pods */,
				4624EEE2A2DE04121A38E099 /* Frameworks */,
			);
			sourceTree = "<group>";
		};
		B9321EBD1F3058CA0052752B /* Products */ = {
			isa = PBXGroup;
			children = (
				B9321EBC1F3058CA0052752B /* CWOne.app */,
				B9321ED51F3058CA0052752B /* CWOneTests.xctest */,
				B9321EE01F3058CA0052752B /* CWOneUITests.xctest */,
			);
			name = Products;
			sourceTree = "<group>";
		};
		B9321EBE1F3058CA0052752B /* CWOne */ = {
			isa = PBXGroup;
			children = (
				B9321EF21F3059410052752B /* Classes */,
				B9321EF61F3059410052752B /* SupportFiles */,
				B9321ECB1F3058CA0052752B /* Assets.xcassets */,
			);
			path = CWOne;
			sourceTree = "<group>";
		};
		B9321ED81F3058CA0052752B /* CWOneTests */ = {
			isa = PBXGroup;
			children = (
				B9321ED91F3058CA0052752B /* CWOneTests.m */,
				B9321EDB1F3058CA0052752B /* Info.plist */,
			);
			path = CWOneTests;
			sourceTree = "<group>";
		};
		B9321EE31F3058CA0052752B /* CWOneUITests */ = {
			isa = PBXGroup;
			children = (
				B9321EE41F3058CA0052752B /* CWOneUITests.m */,
				B9321EE61F3058CA0052752B /* Info.plist */,
			);
			path = CWOneUITests;
			sourceTree = "<group>";
		};
		B9321EF21F3059410052752B /* Classes */ = {
			isa = PBXGroup;
			children = (
				B90C3A311F305FA8004E64D9 /* Main */,
				B9321F0F1F305AD70052752B /* ALL */,
				B9321F171F305AD70052752B /* ME */,
				B9321F1B1F305AD70052752B /* ONE */,
				B9321F1F1F305AD70052752B /* Other */,
				B9321F241F305AD70052752B /* System */,
			);
			path = Classes;
			sourceTree = "<group>";
		};
		B9321EF61F3059410052752B /* SupportFiles */ = {
			isa = PBXGroup;
			children = (
				B9321EF71F3059410052752B /* LaunchScreen.storyboard */,
				B9321EF91F3059410052752B /* Main.storyboard */,
				B9321EFB1F3059410052752B /* Info.plist */,
				B9321EFC1F3059410052752B /* main.m */,
			);
			path = SupportFiles;
			sourceTree = "<group>";
		};
		B9321F0F1F305AD70052752B /* ALL */ = {
			isa = PBXGroup;
			children = (
				B9321F101F305AD70052752B /* C */,
				B9321F111F305AD70052752B /* M */,
				B9321F121F305AD70052752B /* V */,
			);
			path = ALL;
			sourceTree = "<group>";
		};
		B9321F101F305AD70052752B /* C */ = {
			isa = PBXGroup;
			children = (
				B90C3A511F3079CA004E64D9 /* ONEAllController.h */,
				B90C3A521F3079CA004E64D9 /* ONEAllController.m */,
			);
			path = C;
			sourceTree = "<group>";
		};
		B9321F111F305AD70052752B /* M */ = {
			isa = PBXGroup;
			children = (
			);
			path = M;
			sourceTree = "<group>";
		};
		B9321F121F305AD70052752B /* V */ = {
			isa = PBXGroup;
			children = (
			);
			path = V;
			sourceTree = "<group>";
		};
		B9321F171F305AD70052752B /* ME */ = {
			isa = PBXGroup;
			children = (
				B9321F181F305AD70052752B /* C */,
				B9321F191F305AD70052752B /* M */,
				B9321F1A1F305AD70052752B /* V */,
			);
			path = ME;
			sourceTree = "<group>";
		};
		B9321F181F305AD70052752B /* C */ = {
			isa = PBXGroup;
			children = (
				B90C3A541F3079DA004E64D9 /* ONEMeController.h */,
				B90C3A551F3079DA004E64D9 /* ONEMeController.m */,
				B90C3A561F3079DA004E64D9 /* ONEMeController.xib */,
			);
			path = C;
			sourceTree = "<group>";
		};
		B9321F191F305AD70052752B /* M */ = {
			isa = PBXGroup;
			children = (
			);
			path = M;
			sourceTree = "<group>";
		};
		B9321F1A1F305AD70052752B /* V */ = {
			isa = PBXGroup;
			children = (
			);
			path = V;
			sourceTree = "<group>";
		};
		B9321F1B1F305AD70052752B /* ONE */ = {
			isa = PBXGroup;
			children = (
				B9321F1C1F305AD70052752B /* C */,
				B9321F1D1F305AD70052752B /* M */,
				B9321F1E1F305AD70052752B /* V */,
			);
			path = ONE;
			sourceTree = "<group>";
		};
		B9321F1C1F305AD70052752B /* C */ = {
			isa = PBXGroup;
			children = (
				B90C3A4E1F3079B5004E64D9 /* ONEHomeController.h */,
				B90C3A4F1F3079B5004E64D9 /* ONEHomeController.m */,
			);
			path = C;
			sourceTree = "<group>";
		};
		B9321F1D1F305AD70052752B /* M */ = {
			isa = PBXGroup;
			children = (
			);
			path = M;
			sourceTree = "<group>";
		};
		B9321F1E1F305AD70052752B /* V */ = {
			isa = PBXGroup;
			children = (
			);
			path = V;
			sourceTree = "<group>";
		};
		B9321F1F1F305AD70052752B /* Other */ = {
			isa = PBXGroup;
			children = (
				B9321F201F305AD70052752B /* Category */,
				B9321F211F305AD70052752B /* Const */,
				B9321F221F305AD70052752B /* Lib */,
				B9321F231F305AD70052752B /* Tool */,
				B90C3A3B1F306246004E64D9 /* CWOne_PrefixHeader.pch */,
			);
			path = Other;
			sourceTree = "<group>";
		};
		B9321F201F305AD70052752B /* Category */ = {
			isa = PBXGroup;
			children = (
				B90C3A3C1F306B8E004E64D9 /* NSString+CWTranslate.h */,
				B90C3A3D1F306B8E004E64D9 /* NSString+CWTranslate.m */,
			);
			path = Category;
			sourceTree = "<group>";
		};
		B9321F211F305AD70052752B /* Const */ = {
			isa = PBXGroup;
			children = (
			);
			path = Const;
			sourceTree = "<group>";
		};
		B9321F221F305AD70052752B /* Lib */ = {
			isa = PBXGroup;
			children = (
			);
			path = Lib;
			sourceTree = "<group>";
		};
		B9321F231F305AD70052752B /* Tool */ = {
			isa = PBXGroup;
			children = (
			);
			path = Tool;
			sourceTree = "<group>";
		};
		B9321F241F305AD70052752B /* System */ = {
			isa = PBXGroup;
			children = (
				B9321F251F305AD70052752B /* AppDelegate.h */,
				B9321F261F305AD70052752B /* AppDelegate.m */,
			);
			path = System;
			sourceTree = "<group>";
		};
		F7AD2679919B3393C7018D5A /* Pods */ = {
			isa = PBXGroup;
			children = (
				078DDCA7394F783113F4166F /* Pods-CWOne.debug.xcconfig */,
				C4965758B0138E3C82A59C69 /* Pods-CWOne.release.xcconfig */,
				6FDD682A7EC1D5E1AA02DB50 /* Pods-CWOneTests.debug.xcconfig */,
				A8C8EA9F5DBA5D5DFE7A9B82 /* Pods-CWOneTests.release.xcconfig */,
				5446C785477CA0C07E568670 /* Pods-CWOneUITests.debug.xcconfig */,
				CB1E6FA838C64A1EDF3F4C57 /* Pods-CWOneUITests.release.xcconfig */,
			);
			name = Pods;
			sourceTree = "<group>";
		};
/* End PBXGroup section */

/* Begin PBXNativeTarget section */
		B9321EBB1F3058CA0052752B /* CWOne */ = {
			isa = PBXNativeTarget;
			buildConfigurationList = B9321EE91F3058CA0052752B /* Build configuration list for PBXNativeTarget "CWOne" */;
			buildPhases = (
				CB3D8DF20CD7F9D2FF2D3160 /* [CP] Check Pods Manifest.lock */,
				B9321EB81F3058CA0052752B /* Sources */,
				B9321EB91F3058CA0052752B /* Frameworks */,
				B9321EBA1F3058CA0052752B /* Resources */,
				0DA43B607E1E8BE96E53ECD8 /* [CP] Embed Pods Frameworks */,
				42DF178E2C319B13E2A2E457 /* [CP] Copy Pods Resources */,
			);
			buildRules = (
			);
			dependencies = (
			);
			name = CWOne;
			productName = CWOne;
			productReference = B9321EBC1F3058CA0052752B /* CWOne.app */;
			productType = "com.apple.product-type.application";
		};
		B9321ED41F3058CA0052752B /* CWOneTests */ = {
			isa = PBXNativeTarget;
			buildConfigurationList = B9321EEC1F3058CA0052752B /* Build configuration list for PBXNativeTarget "CWOneTests" */;
			buildPhases = (
				39BE7D95124DD2AC2243D0D7 /* [CP] Check Pods Manifest.lock */,
				B9321ED11F3058CA0052752B /* Sources */,
				B9321ED21F3058CA0052752B /* Frameworks */,
				B9321ED31F3058CA0052752B /* Resources */,
				0A21F83EECC5BD2143EC8408 /* [CP] Embed Pods Frameworks */,
				22E017D19E54E30AF7D2B613 /* [CP] Copy Pods Resources */,
			);
			buildRules = (
			);
			dependencies = (
				B9321ED71F3058CA0052752B /* PBXTargetDependency */,
			);
			name = CWOneTests;
			productName = CWOneTests;
			productReference = B9321ED51F3058CA0052752B /* CWOneTests.xctest */;
			productType = "com.apple.product-type.bundle.unit-test";
		};
		B9321EDF1F3058CA0052752B /* CWOneUITests */ = {
			isa = PBXNativeTarget;
			buildConfigurationList = B9321EEF1F3058CA0052752B /* Build configuration list for PBXNativeTarget "CWOneUITests" */;
			buildPhases = (
				5390CFD4BDF5C9867F326EFC /* [CP] Check Pods Manifest.lock */,
				B9321EDC1F3058CA0052752B /* Sources */,
				B9321EDD1F3058CA0052752B /* Frameworks */,
				B9321EDE1F3058CA0052752B /* Resources */,
				464901F4457B8289817B4F29 /* [CP] Embed Pods Frameworks */,
				3138BED35DD94E869C1CA847 /* [CP] Copy Pods Resources */,
			);
			buildRules = (
			);
			dependencies = (
				B9321EE21F3058CA0052752B /* PBXTargetDependency */,
			);
			name = CWOneUITests;
			productName = CWOneUITests;
			productReference = B9321EE01F3058CA0052752B /* CWOneUITests.xctest */;
			productType = "com.apple.product-type.bundle.ui-testing";
		};
/* End PBXNativeTarget section */

/* Begin PBXProject section */
		B9321EB41F3058CA0052752B /* Project object */ = {
			isa = PBXProject;
			attributes = {
				CLASSPREFIX = ONE;
				LastUpgradeCheck = 0830;
				ORGANIZATIONNAME = Coulson_Wang;
				TargetAttributes = {
					B9321EBB1F3058CA0052752B = {
						CreatedOnToolsVersion = 8.3.3;
						ProvisioningStyle = Automatic;
					};
					B9321ED41F3058CA0052752B = {
						CreatedOnToolsVersion = 8.3.3;
						ProvisioningStyle = Automatic;
						TestTargetID = B9321EBB1F3058CA0052752B;
					};
					B9321EDF1F3058CA0052752B = {
						CreatedOnToolsVersion = 8.3.3;
						ProvisioningStyle = Automatic;
						TestTargetID = B9321EBB1F3058CA0052752B;
					};
				};
			};
			buildConfigurationList = B9321EB71F3058CA0052752B /* Build configuration list for PBXProject "CWOne" */;
			compatibilityVersion = "Xcode 3.2";
			developmentRegion = English;
			hasScannedForEncodings = 0;
			knownRegions = (
				en,
				Base,
			);
			mainGroup = B9321EB31F3058CA0052752B;
			productRefGroup = B9321EBD1F3058CA0052752B /* Products */;
			projectDirPath = "";
			projectRoot = "";
			targets = (
				B9321EBB1F3058CA0052752B /* CWOne */,
				B9321ED41F3058CA0052752B /* CWOneTests */,
				B9321EDF1F3058CA0052752B /* CWOneUITests */,
			);
		};
/* End PBXProject section */

/* Begin PBXResourcesBuildPhase section */
		B9321EBA1F3058CA0052752B /* Resources */ = {
			isa = PBXResourcesBuildPhase;
			buildActionMask = 2147483647;
			files = (
				B90C3A581F3079DA004E64D9 /* ONEMeController.xib in Resources */,
				B9321EFF1F3059410052752B /* Main.storyboard in Resources */,
				B90C3A3A1F305FE0004E64D9 /* ONELaunchController.xib in Resources */,
				B9321ECC1F3058CA0052752B /* Assets.xcassets in Resources */,
				B9321EFE1F3059410052752B /* LaunchScreen.storyboard in Resources */,
			);
			runOnlyForDeploymentPostprocessing = 0;
		};
		B9321ED31F3058CA0052752B /* Resources */ = {
			isa = PBXResourcesBuildPhase;
			buildActionMask = 2147483647;
			files = (
			);
			runOnlyForDeploymentPostprocessing = 0;
		};
		B9321EDE1F3058CA0052752B /* Resources */ = {
			isa = PBXResourcesBuildPhase;
			buildActionMask = 2147483647;
			files = (
			);
			runOnlyForDeploymentPostprocessing = 0;
		};
/* End PBXResourcesBuildPhase section */

/* Begin PBXShellScriptBuildPhase section */
		0A21F83EECC5BD2143EC8408 /* [CP] Embed Pods Frameworks */ = {
			isa = PBXShellScriptBuildPhase;
			buildActionMask = 2147483647;
			files = (
			);
			inputPaths = (
			);
			name = "[CP] Embed Pods Frameworks";
			outputPaths = (
			);
			runOnlyForDeploymentPostprocessing = 0;
			shellPath = /bin/sh;
			shellScript = "\"${SRCROOT}/Pods/Target Support Files/Pods-CWOneTests/Pods-CWOneTests-frameworks.sh\"\n";
			showEnvVarsInLog = 0;
		};
		0DA43B607E1E8BE96E53ECD8 /* [CP] Embed Pods Frameworks */ = {
			isa = PBXShellScriptBuildPhase;
			buildActionMask = 2147483647;
			files = (
			);
			inputPaths = (
			);
			name = "[CP] Embed Pods Frameworks";
			outputPaths = (
			);
			runOnlyForDeploymentPostprocessing = 0;
			shellPath = /bin/sh;
			shellScript = "\"${SRCROOT}/Pods/Target Support Files/Pods-CWOne/Pods-CWOne-frameworks.sh\"\n";
			showEnvVarsInLog = 0;
		};
		22E017D19E54E30AF7D2B613 /* [CP] Copy Pods Resources */ = {
			isa = PBXShellScriptBuildPhase;
			buildActionMask = 2147483647;
			files = (
			);
			inputPaths = (
			);
			name = "[CP] Copy Pods Resources";
			outputPaths = (
			);
			runOnlyForDeploymentPostprocessing = 0;
			shellPath = /bin/sh;
			shellScript = "\"${SRCROOT}/Pods/Target Support Files/Pods-CWOneTests/Pods-CWOneTests-resources.sh\"\n";
			showEnvVarsInLog = 0;
		};
		3138BED35DD94E869C1CA847 /* [CP] Copy Pods Resources */ = {
			isa = PBXShellScriptBuildPhase;
			buildActionMask = 2147483647;
			files = (
			);
			inputPaths = (
			);
			name = "[CP] Copy Pods Resources";
			outputPaths = (
			);
			runOnlyForDeploymentPostprocessing = 0;
			shellPath = /bin/sh;
			shellScript = "\"${SRCROOT}/Pods/Target Support Files/Pods-CWOneUITests/Pods-CWOneUITests-resources.sh\"\n";
			showEnvVarsInLog = 0;
		};
		39BE7D95124DD2AC2243D0D7 /* [CP] Check Pods Manifest.lock */ = {
			isa = PBXShellScriptBuildPhase;
			buildActionMask = 2147483647;
			files = (
			);
			inputPaths = (
			);
			name = "[CP] Check Pods Manifest.lock";
			outputPaths = (
			);
			runOnlyForDeploymentPostprocessing = 0;
			shellPath = /bin/sh;
			shellScript = "diff \"${PODS_PODFILE_DIR_PATH}/Podfile.lock\" \"${PODS_ROOT}/Manifest.lock\" > /dev/null\nif [ $? != 0 ] ; then\n    # print error to STDERR\n    echo \"error: The sandbox is not in sync with the Podfile.lock. Run 'pod install' or update your CocoaPods installation.\" >&2\n    exit 1\nfi\n";
			showEnvVarsInLog = 0;
		};
		42DF178E2C319B13E2A2E457 /* [CP] Copy Pods Resources */ = {
			isa = PBXShellScriptBuildPhase;
			buildActionMask = 2147483647;
			files = (
			);
			inputPaths = (
			);
			name = "[CP] Copy Pods Resources";
			outputPaths = (
			);
			runOnlyForDeploymentPostprocessing = 0;
			shellPath = /bin/sh;
			shellScript = "\"${SRCROOT}/Pods/Target Support Files/Pods-CWOne/Pods-CWOne-resources.sh\"\n";
			showEnvVarsInLog = 0;
		};
		464901F4457B8289817B4F29 /* [CP] Embed Pods Frameworks */ = {
			isa = PBXShellScriptBuildPhase;
			buildActionMask = 2147483647;
			files = (
			);
			inputPaths = (
			);
			name = "[CP] Embed Pods Frameworks";
			outputPaths = (
			);
			runOnlyForDeploymentPostprocessing = 0;
			shellPath = /bin/sh;
			shellScript = "\"${SRCROOT}/Pods/Target Support Files/Pods-CWOneUITests/Pods-CWOneUITests-frameworks.sh\"\n";
			showEnvVarsInLog = 0;
		};
		5390CFD4BDF5C9867F326EFC /* [CP] Check Pods Manifest.lock */ = {
			isa = PBXShellScriptBuildPhase;
			buildActionMask = 2147483647;
			files = (
			);
			inputPaths = (
			);
			name = "[CP] Check Pods Manifest.lock";
			outputPaths = (
			);
			runOnlyForDeploymentPostprocessing = 0;
			shellPath = /bin/sh;
			shellScript = "diff \"${PODS_PODFILE_DIR_PATH}/Podfile.lock\" \"${PODS_ROOT}/Manifest.lock\" > /dev/null\nif [ $? != 0 ] ; then\n    # print error to STDERR\n    echo \"error: The sandbox is not in sync with the Podfile.lock. Run 'pod install' or update your CocoaPods installation.\" >&2\n    exit 1\nfi\n";
			showEnvVarsInLog = 0;
		};
		CB3D8DF20CD7F9D2FF2D3160 /* [CP] Check Pods Manifest.lock */ = {
			isa = PBXShellScriptBuildPhase;
			buildActionMask = 2147483647;
			files = (
			);
			inputPaths = (
			);
			name = "[CP] Check Pods Manifest.lock";
			outputPaths = (
			);
			runOnlyForDeploymentPostprocessing = 0;
			shellPath = /bin/sh;
			shellScript = "diff \"${PODS_PODFILE_DIR_PATH}/Podfile.lock\" \"${PODS_ROOT}/Manifest.lock\" > /dev/null\nif [ $? != 0 ] ; then\n    # print error to STDERR\n    echo \"error: The sandbox is not in sync with the Podfile.lock. Run 'pod install' or update your CocoaPods installation.\" >&2\n    exit 1\nfi\n";
			showEnvVarsInLog = 0;
		};
/* End PBXShellScriptBuildPhase section */

/* Begin PBXSourcesBuildPhase section */
		B9321EB81F3058CA0052752B /* Sources */ = {
			isa = PBXSourcesBuildPhase;
			buildActionMask = 2147483647;
			files = (
				B90C3A3E1F306B8F004E64D9 /* NSString+CWTranslate.m in Sources */,
				B90C3A531F3079CA004E64D9 /* ONEAllController.m in Sources */,
				B90C3A501F3079B5004E64D9 /* ONEHomeController.m in Sources */,
				B90C3A391F305FE0004E64D9 /* ONELaunchController.m in Sources */,
				B90C3A571F3079DA004E64D9 /* ONEMeController.m in Sources */,
				B9321F271F305AD70052752B /* AppDelegate.m in Sources */,
				B90C3A4D1F3072A9004E64D9 /* ONEMainTabBarController.m in Sources */,
				B9321F011F3059410052752B /* main.m in Sources */,
			);
			runOnlyForDeploymentPostprocessing = 0;
		};
		B9321ED11F3058CA0052752B /* Sources */ = {
			isa = PBXSourcesBuildPhase;
			buildActionMask = 2147483647;
			files = (
				B9321EDA1F3058CA0052752B /* CWOneTests.m in Sources */,
			);
			runOnlyForDeploymentPostprocessing = 0;
		};
		B9321EDC1F3058CA0052752B /* Sources */ = {
			isa = PBXSourcesBuildPhase;
			buildActionMask = 2147483647;
			files = (
				B9321EE51F3058CA0052752B /* CWOneUITests.m in Sources */,
			);
			runOnlyForDeploymentPostprocessing = 0;
		};
/* End PBXSourcesBuildPhase section */

/* Begin PBXTargetDependency section */
		B9321ED71F3058CA0052752B /* PBXTargetDependency */ = {
			isa = PBXTargetDependency;
			target = B9321EBB1F3058CA0052752B /* CWOne */;
			targetProxy = B9321ED61F3058CA0052752B /* PBXContainerItemProxy */;
		};
		B9321EE21F3058CA0052752B /* PBXTargetDependency */ = {
			isa = PBXTargetDependency;
			target = B9321EBB1F3058CA0052752B /* CWOne */;
			targetProxy = B9321EE11F3058CA0052752B /* PBXContainerItemProxy */;
		};
/* End PBXTargetDependency section */

/* Begin PBXVariantGroup section */
		B9321EF71F3059410052752B /* LaunchScreen.storyboard */ = {
			isa = PBXVariantGroup;
			children = (
				B9321EF81F3059410052752B /* Base */,
			);
			name = LaunchScreen.storyboard;
			sourceTree = "<group>";
		};
		B9321EF91F3059410052752B /* Main.storyboard */ = {
			isa = PBXVariantGroup;
			children = (
				B9321EFA1F3059410052752B /* Base */,
			);
			name = Main.storyboard;
			sourceTree = "<group>";
		};
/* End PBXVariantGroup section */

/* Begin XCBuildConfiguration section */
		B9321EE71F3058CA0052752B /* Debug */ = {
			isa = XCBuildConfiguration;
			buildSettings = {
				ALWAYS_SEARCH_USER_PATHS = NO;
				CLANG_ANALYZER_NONNULL = YES;
				CLANG_ANALYZER_NUMBER_OBJECT_CONVERSION = YES_AGGRESSIVE;
				CLANG_CXX_LANGUAGE_STANDARD = "gnu++0x";
				CLANG_CXX_LIBRARY = "libc++";
				CLANG_ENABLE_MODULES = YES;
				CLANG_ENABLE_OBJC_ARC = YES;
				CLANG_WARN_BOOL_CONVERSION = YES;
				CLANG_WARN_CONSTANT_CONVERSION = YES;
				CLANG_WARN_DIRECT_OBJC_ISA_USAGE = YES_ERROR;
				CLANG_WARN_DOCUMENTATION_COMMENTS = YES;
				CLANG_WARN_EMPTY_BODY = YES;
				CLANG_WARN_ENUM_CONVERSION = YES;
				CLANG_WARN_INFINITE_RECURSION = YES;
				CLANG_WARN_INT_CONVERSION = YES;
				CLANG_WARN_OBJC_ROOT_CLASS = YES_ERROR;
				CLANG_WARN_SUSPICIOUS_MOVE = YES;
				CLANG_WARN_UNREACHABLE_CODE = YES;
				CLANG_WARN__DUPLICATE_METHOD_MATCH = YES;
				"CODE_SIGN_IDENTITY[sdk=iphoneos*]" = "iPhone Developer";
				COPY_PHASE_STRIP = NO;
				DEBUG_INFORMATION_FORMAT = dwarf;
				ENABLE_STRICT_OBJC_MSGSEND = YES;
				ENABLE_TESTABILITY = YES;
				GCC_C_LANGUAGE_STANDARD = gnu99;
				GCC_DYNAMIC_NO_PIC = NO;
				GCC_NO_COMMON_BLOCKS = YES;
				GCC_OPTIMIZATION_LEVEL = 0;
				GCC_PREPROCESSOR_DEFINITIONS = (
					"DEBUG=1",
					"$(inherited)",
				);
				GCC_WARN_64_TO_32_BIT_CONVERSION = YES;
				GCC_WARN_ABOUT_RETURN_TYPE = YES_ERROR;
				GCC_WARN_UNDECLARED_SELECTOR = YES;
				GCC_WARN_UNINITIALIZED_AUTOS = YES_AGGRESSIVE;
				GCC_WARN_UNUSED_FUNCTION = YES;
				GCC_WARN_UNUSED_VARIABLE = YES;
				IPHONEOS_DEPLOYMENT_TARGET = 10.3;
				MTL_ENABLE_DEBUG_INFO = YES;
				ONLY_ACTIVE_ARCH = YES;
				SDKROOT = iphoneos;
			};
			name = Debug;
		};
		B9321EE81F3058CA0052752B /* Release */ = {
			isa = XCBuildConfiguration;
			buildSettings = {
				ALWAYS_SEARCH_USER_PATHS = NO;
				CLANG_ANALYZER_NONNULL = YES;
				CLANG_ANALYZER_NUMBER_OBJECT_CONVERSION = YES_AGGRESSIVE;
				CLANG_CXX_LANGUAGE_STANDARD = "gnu++0x";
				CLANG_CXX_LIBRARY = "libc++";
				CLANG_ENABLE_MODULES = YES;
				CLANG_ENABLE_OBJC_ARC = YES;
				CLANG_WARN_BOOL_CONVERSION = YES;
				CLANG_WARN_CONSTANT_CONVERSION = YES;
				CLANG_WARN_DIRECT_OBJC_ISA_USAGE = YES_ERROR;
				CLANG_WARN_DOCUMENTATION_COMMENTS = YES;
				CLANG_WARN_EMPTY_BODY = YES;
				CLANG_WARN_ENUM_CONVERSION = YES;
				CLANG_WARN_INFINITE_RECURSION = YES;
				CLANG_WARN_INT_CONVERSION = YES;
				CLANG_WARN_OBJC_ROOT_CLASS = YES_ERROR;
				CLANG_WARN_SUSPICIOUS_MOVE = YES;
				CLANG_WARN_UNREACHABLE_CODE = YES;
				CLANG_WARN__DUPLICATE_METHOD_MATCH = YES;
				"CODE_SIGN_IDENTITY[sdk=iphoneos*]" = "iPhone Developer";
				COPY_PHASE_STRIP = NO;
				DEBUG_INFORMATION_FORMAT = "dwarf-with-dsym";
				ENABLE_NS_ASSERTIONS = NO;
				ENABLE_STRICT_OBJC_MSGSEND = YES;
				GCC_C_LANGUAGE_STANDARD = gnu99;
				GCC_NO_COMMON_BLOCKS = YES;
				GCC_WARN_64_TO_32_BIT_CONVERSION = YES;
				GCC_WARN_ABOUT_RETURN_TYPE = YES_ERROR;
				GCC_WARN_UNDECLARED_SELECTOR = YES;
				GCC_WARN_UNINITIALIZED_AUTOS = YES_AGGRESSIVE;
				GCC_WARN_UNUSED_FUNCTION = YES;
				GCC_WARN_UNUSED_VARIABLE = YES;
				IPHONEOS_DEPLOYMENT_TARGET = 10.3;
				MTL_ENABLE_DEBUG_INFO = NO;
				SDKROOT = iphoneos;
				VALIDATE_PRODUCT = YES;
			};
			name = Release;
		};
		B9321EEA1F3058CA0052752B /* Debug */ = {
			isa = XCBuildConfiguration;
			baseConfigurationReference = 078DDCA7394F783113F4166F /* Pods-CWOne.debug.xcconfig */;
			buildSettings = {
				ASSETCATALOG_COMPILER_APPICON_NAME = AppIcon;
				GCC_PRECOMPILE_PREFIX_HEADER = YES;
				GCC_PREFIX_HEADER = CWOne/Classes/Other/CWOne_PrefixHeader.pch;
				INFOPLIST_FILE = "$(SRCROOT)/CWOne/SupportFiles/Info.plist";
				IPHONEOS_DEPLOYMENT_TARGET = 9.0;
				LD_RUNPATH_SEARCH_PATHS = "$(inherited) @executable_path/Frameworks";
				PRODUCT_BUNDLE_IDENTIFIER = Personal.YYWang.CWOne;
				PRODUCT_NAME = "$(TARGET_NAME)";
			};
			name = Debug;
		};
		B9321EEB1F3058CA0052752B /* Release */ = {
			isa = XCBuildConfiguration;
			baseConfigurationReference = C4965758B0138E3C82A59C69 /* Pods-CWOne.release.xcconfig */;
			buildSettings = {
				ASSETCATALOG_COMPILER_APPICON_NAME = AppIcon;
				GCC_PRECOMPILE_PREFIX_HEADER = YES;
				GCC_PREFIX_HEADER = CWOne/Classes/Other/CWOne_PrefixHeader.pch;
				INFOPLIST_FILE = "$(SRCROOT)/CWOne/SupportFiles/Info.plist";
				IPHONEOS_DEPLOYMENT_TARGET = 9.0;
				LD_RUNPATH_SEARCH_PATHS = "$(inherited) @executable_path/Frameworks";
				PRODUCT_BUNDLE_IDENTIFIER = Personal.YYWang.CWOne;
				PRODUCT_NAME = "$(TARGET_NAME)";
			};
			name = Release;
		};
		B9321EED1F3058CA0052752B /* Debug */ = {
			isa = XCBuildConfiguration;
			baseConfigurationReference = 6FDD682A7EC1D5E1AA02DB50 /* Pods-CWOneTests.debug.xcconfig */;
			buildSettings = {
				BUNDLE_LOADER = "$(TEST_HOST)";
				INFOPLIST_FILE = CWOneTests/Info.plist;
				LD_RUNPATH_SEARCH_PATHS = "$(inherited) @executable_path/Frameworks @loader_path/Frameworks";
				PRODUCT_BUNDLE_IDENTIFIER = Personal.YYWang.CWOneTests;
				PRODUCT_NAME = "$(TARGET_NAME)";
				TEST_HOST = "$(BUILT_PRODUCTS_DIR)/CWOne.app/CWOne";
			};
			name = Debug;
		};
		B9321EEE1F3058CA0052752B /* Release */ = {
			isa = XCBuildConfiguration;
			baseConfigurationReference = A8C8EA9F5DBA5D5DFE7A9B82 /* Pods-CWOneTests.release.xcconfig */;
			buildSettings = {
				BUNDLE_LOADER = "$(TEST_HOST)";
				INFOPLIST_FILE = CWOneTests/Info.plist;
				LD_RUNPATH_SEARCH_PATHS = "$(inherited) @executable_path/Frameworks @loader_path/Frameworks";
				PRODUCT_BUNDLE_IDENTIFIER = Personal.YYWang.CWOneTests;
				PRODUCT_NAME = "$(TARGET_NAME)";
				TEST_HOST = "$(BUILT_PRODUCTS_DIR)/CWOne.app/CWOne";
			};
			name = Release;
		};
		B9321EF01F3058CA0052752B /* Debug */ = {
			isa = XCBuildConfiguration;
			baseConfigurationReference = 5446C785477CA0C07E568670 /* Pods-CWOneUITests.debug.xcconfig */;
			buildSettings = {
				INFOPLIST_FILE = CWOneUITests/Info.plist;
				LD_RUNPATH_SEARCH_PATHS = "$(inherited) @executable_path/Frameworks @loader_path/Frameworks";
				PRODUCT_BUNDLE_IDENTIFIER = Personal.YYWang.CWOneUITests;
				PRODUCT_NAME = "$(TARGET_NAME)";
				TEST_TARGET_NAME = CWOne;
			};
			name = Debug;
		};
		B9321EF11F3058CA0052752B /* Release */ = {
			isa = XCBuildConfiguration;
			baseConfigurationReference = CB1E6FA838C64A1EDF3F4C57 /* Pods-CWOneUITests.release.xcconfig */;
			buildSettings = {
				INFOPLIST_FILE = CWOneUITests/Info.plist;
				LD_RUNPATH_SEARCH_PATHS = "$(inherited) @executable_path/Frameworks @loader_path/Frameworks";
				PRODUCT_BUNDLE_IDENTIFIER = Personal.YYWang.CWOneUITests;
				PRODUCT_NAME = "$(TARGET_NAME)";
				TEST_TARGET_NAME = CWOne;
			};
			name = Release;
		};
/* End XCBuildConfiguration section */

/* Begin XCConfigurationList section */
		B9321EB71F3058CA0052752B /* Build configuration list for PBXProject "CWOne" */ = {
			isa = XCConfigurationList;
			buildConfigurations = (
				B9321EE71F3058CA0052752B /* Debug */,
				B9321EE81F3058CA0052752B /* Release */,
			);
			defaultConfigurationIsVisible = 0;
			defaultConfigurationName = Release;
		};
		B9321EE91F3058CA0052752B /* Build configuration list for PBXNativeTarget "CWOne" */ = {
			isa = XCConfigurationList;
			buildConfigurations = (
				B9321EEA1F3058CA0052752B /* Debug */,
				B9321EEB1F3058CA0052752B /* Release */,
			);
			defaultConfigurationIsVisible = 0;
			defaultConfigurationName = Release;
		};
		B9321EEC1F3058CA0052752B /* Build configuration list for PBXNativeTarget "CWOneTests" */ = {
			isa = XCConfigurationList;
			buildConfigurations = (
				B9321EED1F3058CA0052752B /* Debug */,
				B9321EEE1F3058CA0052752B /* Release */,
			);
			defaultConfigurationIsVisible = 0;
			defaultConfigurationName = Release;
		};
		B9321EEF1F3058CA0052752B /* Build configuration list for PBXNativeTarget "CWOneUITests" */ = {
			isa = XCConfigurationList;
			buildConfigurations = (
				B9321EF01F3058CA0052752B /* Debug */,
				B9321EF11F3058CA0052752B /* Release */,
			);
			defaultConfigurationIsVisible = 0;
			defaultConfigurationName = Release;
		};
/* End XCConfigurationList section */
	};
	rootObject = B9321EB41F3058CA0052752B /* Project object */;
}
